// !$*UTF8*$!
{
	archiveVersion = 1;
	classes = {
	};
	objectVersion = 56;
	objects = {

/* Begin PBXBuildFile section */
		E40FC5F329F4531A00A810A7 /* AuthViewController.swift in Sources */ = {isa = PBXBuildFile; fileRef = E40FC5F229F4531A00A810A7 /* AuthViewController.swift */; };
		E40FC5F529F45C7600A810A7 /* WebViewViewController.swift in Sources */ = {isa = PBXBuildFile; fileRef = E40FC5F429F45C7600A810A7 /* WebViewViewController.swift */; };
		E417069B2A02B7E500166399 /* ProfileService.swift in Sources */ = {isa = PBXBuildFile; fileRef = E417069A2A02B7E500166399 /* ProfileService.swift */; };
		E417069E2A02B81E00166399 /* Profile.swift in Sources */ = {isa = PBXBuildFile; fileRef = E417069D2A02B81E00166399 /* Profile.swift */; };
		E41706A02A02BC0400166399 /* URLMaker.swift in Sources */ = {isa = PBXBuildFile; fileRef = E417069F2A02BC0400166399 /* URLMaker.swift */; };
		E41706A52A03C33F00166399 /* ProfileImageService.swift in Sources */ = {isa = PBXBuildFile; fileRef = E41706A42A03C33F00166399 /* ProfileImageService.swift */; };
		E41706A72A03C41F00166399 /* ProfileImage.swift in Sources */ = {isa = PBXBuildFile; fileRef = E41706A62A03C41F00166399 /* ProfileImage.swift */; };
		E41B57CB2A1D65CF007B3560 /* AlertPresenterExitDelegate.swift in Sources */ = {isa = PBXBuildFile; fileRef = E41B57CA2A1D65CF007B3560 /* AlertPresenterExitDelegate.swift */; };
		E437C8722A0D368400DB8A80 /* AlertPresenter.swift in Sources */ = {isa = PBXBuildFile; fileRef = E437C8712A0D368400DB8A80 /* AlertPresenter.swift */; };
		E43AB17829D0C122005361BF /* ImagesListCell.swift in Sources */ = {isa = PBXBuildFile; fileRef = E43AB17729D0C122005361BF /* ImagesListCell.swift */; };
		E43AB17A29D0CF59005361BF /* Main.storyboard in Resources */ = {isa = PBXBuildFile; fileRef = E43AB17929D0CF59005361BF /* Main.storyboard */; };
		E44AA81129E305F5000A8F03 /* BaseViewController.swift in Sources */ = {isa = PBXBuildFile; fileRef = E44AA81029E305F5000A8F03 /* BaseViewController.swift */; };
		E44C56E829FD7FE90089AAAF /* UIBlockingProgressHUD.swift in Sources */ = {isa = PBXBuildFile; fileRef = E44C56E729FD7FE90089AAAF /* UIBlockingProgressHUD.swift */; };
		E44DB9CC2A1BA86600157FC1 /* Photo.swift in Sources */ = {isa = PBXBuildFile; fileRef = E44DB9CB2A1BA86600157FC1 /* Photo.swift */; };
		E44DB9CF2A1BB2BD00157FC1 /* ImagesListService.swift in Sources */ = {isa = PBXBuildFile; fileRef = E44DB9CE2A1BB2BD00157FC1 /* ImagesListService.swift */; };
		E44DB9D12A1C068A00157FC1 /* ImagesListDelegate.swift in Sources */ = {isa = PBXBuildFile; fileRef = E44DB9D02A1C068A00157FC1 /* ImagesListDelegate.swift */; };
		E49DF9B629F7F1B500EA1C0A /* AuthViewControllerDelegate.swift in Sources */ = {isa = PBXBuildFile; fileRef = E49DF9B529F7F1B500EA1C0A /* AuthViewControllerDelegate.swift */; };
		E4A3B09129F2D406001D15C0 /* Constants.swift in Sources */ = {isa = PBXBuildFile; fileRef = E4A3B09029F2D406001D15C0 /* Constants.swift */; };
		E4A9749C29C3C96C00C30D23 /* AppDelegate.swift in Sources */ = {isa = PBXBuildFile; fileRef = E4A9749B29C3C96C00C30D23 /* AppDelegate.swift */; };
		E4A9749E29C3C96C00C30D23 /* SceneDelegate.swift in Sources */ = {isa = PBXBuildFile; fileRef = E4A9749D29C3C96C00C30D23 /* SceneDelegate.swift */; };
		E4A974A029C3C96C00C30D23 /* ImagesListViewController.swift in Sources */ = {isa = PBXBuildFile; fileRef = E4A9749F29C3C96C00C30D23 /* ImagesListViewController.swift */; };
		E4A974A529C3C96C00C30D23 /* Assets.xcassets in Resources */ = {isa = PBXBuildFile; fileRef = E4A974A429C3C96C00C30D23 /* Assets.xcassets */; };
		E4A974A829C3C96C00C30D23 /* LaunchScreen.storyboard in Resources */ = {isa = PBXBuildFile; fileRef = E4A974A629C3C96C00C30D23 /* LaunchScreen.storyboard */; };
		E4AD177229D210AB00721CEA /* UIColor + Extensions.swift in Sources */ = {isa = PBXBuildFile; fileRef = E4AD177129D210AB00721CEA /* UIColor + Extensions.swift */; };
		E4C7D6262A054553000FF18D /* Kingfisher in Frameworks */ = {isa = PBXBuildFile; productRef = E4C7D6252A054553000FF18D /* Kingfisher */; };
		E4C7D6292A0556AD000FF18D /* SwiftKeychainWrapper in Frameworks */ = {isa = PBXBuildFile; productRef = E4C7D6282A0556AD000FF18D /* SwiftKeychainWrapper */; };
		E4C7D62C2A057692000FF18D /* TabBarController.swift in Sources */ = {isa = PBXBuildFile; fileRef = E4C7D62B2A057692000FF18D /* TabBarController.swift */; };
		E4C7D6302A07E5EF000FF18D /* URLSession+objectTask.swift in Sources */ = {isa = PBXBuildFile; fileRef = E4C7D62F2A07E5EF000FF18D /* URLSession+objectTask.swift */; };
		E4C7D6322A07E620000FF18D /* UIViewController+topMostViewController.swift in Sources */ = {isa = PBXBuildFile; fileRef = E4C7D6312A07E620000FF18D /* UIViewController+topMostViewController.swift */; };
		E4D2B77929F73D39007289AD /* OAuthToken.swift in Sources */ = {isa = PBXBuildFile; fileRef = E4D2B77829F73D39007289AD /* OAuthToken.swift */; };
		E4D2B77D29F73E4A007289AD /* OAuth2Service.swift in Sources */ = {isa = PBXBuildFile; fileRef = E4D2B77C29F73E4A007289AD /* OAuth2Service.swift */; };
		E4D2B77F29F74EDD007289AD /* OAuth2TokenStorage.swift in Sources */ = {isa = PBXBuildFile; fileRef = E4D2B77E29F74EDD007289AD /* OAuth2TokenStorage.swift */; };
		E4D2B78229F7D46D007289AD /* SplashViewController.swift in Sources */ = {isa = PBXBuildFile; fileRef = E4D2B78129F7D46D007289AD /* SplashViewController.swift */; };
		E4D657F529D5EA3100E455B5 /* GradientBlurView.swift in Sources */ = {isa = PBXBuildFile; fileRef = E4D657F429D5EA3100E455B5 /* GradientBlurView.swift */; };
		E4D6583329D6108100E455B5 /* SF-Pro-Text-Bold.otf in Resources */ = {isa = PBXBuildFile; fileRef = E4D6580429D6107E00E455B5 /* SF-Pro-Text-Bold.otf */; };
		E4D6583929D6108100E455B5 /* SF-Pro-Text-Regular.otf in Resources */ = {isa = PBXBuildFile; fileRef = E4D6580A29D6107E00E455B5 /* SF-Pro-Text-Regular.otf */; };
		E4EDB81329FACEA9006EFF8B /* ProgressHUD in Frameworks */ = {isa = PBXBuildFile; productRef = E4EDB81229FACEA9006EFF8B /* ProgressHUD */; };
		E4F2677529DB1ECE00484A56 /* ProfileViewController.swift in Sources */ = {isa = PBXBuildFile; fileRef = E4F2677429DB1ECE00484A56 /* ProfileViewController.swift */; };
		E4F2677929DB3FC100484A56 /* SingleImageViewController.swift in Sources */ = {isa = PBXBuildFile; fileRef = E4F2677829DB3FC100484A56 /* SingleImageViewController.swift */; };
		E4F2F0A629F715C100172E8A /* WebViewViewControllerDelegate.swift in Sources */ = {isa = PBXBuildFile; fileRef = E4F2F0A529F715C100172E8A /* WebViewViewControllerDelegate.swift */; };
		E4F9522C2A1FF65600477A5A /* StubsAnimation.swift in Sources */ = {isa = PBXBuildFile; fileRef = E4F9522B2A1FF65600477A5A /* StubsAnimation.swift */; };
		E4F9522E2A2757AD00477A5A /* AlertPresenterReloadDelegate.swift in Sources */ = {isa = PBXBuildFile; fileRef = E4F9522D2A2757AD00477A5A /* AlertPresenterReloadDelegate.swift */; };
/* End PBXBuildFile section */

/* Begin PBXFileReference section */
		E40FC5F229F4531A00A810A7 /* AuthViewController.swift */ = {isa = PBXFileReference; lastKnownFileType = sourcecode.swift; path = AuthViewController.swift; sourceTree = "<group>"; };
		E40FC5F429F45C7600A810A7 /* WebViewViewController.swift */ = {isa = PBXFileReference; lastKnownFileType = sourcecode.swift; path = WebViewViewController.swift; sourceTree = "<group>"; };
		E417069A2A02B7E500166399 /* ProfileService.swift */ = {isa = PBXFileReference; lastKnownFileType = sourcecode.swift; path = ProfileService.swift; sourceTree = "<group>"; };
		E417069D2A02B81E00166399 /* Profile.swift */ = {isa = PBXFileReference; lastKnownFileType = sourcecode.swift; path = Profile.swift; sourceTree = "<group>"; };
		E417069F2A02BC0400166399 /* URLMaker.swift */ = {isa = PBXFileReference; lastKnownFileType = sourcecode.swift; path = URLMaker.swift; sourceTree = "<group>"; };
		E41706A42A03C33F00166399 /* ProfileImageService.swift */ = {isa = PBXFileReference; lastKnownFileType = sourcecode.swift; path = ProfileImageService.swift; sourceTree = "<group>"; };
		E41706A62A03C41F00166399 /* ProfileImage.swift */ = {isa = PBXFileReference; lastKnownFileType = sourcecode.swift; path = ProfileImage.swift; sourceTree = "<group>"; };
		E41B57CA2A1D65CF007B3560 /* AlertPresenterExitDelegate.swift */ = {isa = PBXFileReference; lastKnownFileType = sourcecode.swift; path = AlertPresenterExitDelegate.swift; sourceTree = "<group>"; };
		E437C8712A0D368400DB8A80 /* AlertPresenter.swift */ = {isa = PBXFileReference; lastKnownFileType = sourcecode.swift; path = AlertPresenter.swift; sourceTree = "<group>"; };
		E43AB17729D0C122005361BF /* ImagesListCell.swift */ = {isa = PBXFileReference; lastKnownFileType = sourcecode.swift; path = ImagesListCell.swift; sourceTree = "<group>"; };
		E43AB17929D0CF59005361BF /* Main.storyboard */ = {isa = PBXFileReference; fileEncoding = 4; lastKnownFileType = file.storyboard; path = Main.storyboard; sourceTree = "<group>"; };
		E44AA81029E305F5000A8F03 /* BaseViewController.swift */ = {isa = PBXFileReference; lastKnownFileType = sourcecode.swift; path = BaseViewController.swift; sourceTree = "<group>"; };
		E44C56E729FD7FE90089AAAF /* UIBlockingProgressHUD.swift */ = {isa = PBXFileReference; lastKnownFileType = sourcecode.swift; path = UIBlockingProgressHUD.swift; sourceTree = "<group>"; };
		E44DB9CB2A1BA86600157FC1 /* Photo.swift */ = {isa = PBXFileReference; lastKnownFileType = sourcecode.swift; path = Photo.swift; sourceTree = "<group>"; };
		E44DB9CE2A1BB2BD00157FC1 /* ImagesListService.swift */ = {isa = PBXFileReference; lastKnownFileType = sourcecode.swift; path = ImagesListService.swift; sourceTree = "<group>"; };
		E44DB9D02A1C068A00157FC1 /* ImagesListDelegate.swift */ = {isa = PBXFileReference; lastKnownFileType = sourcecode.swift; path = ImagesListDelegate.swift; sourceTree = "<group>"; };
		E49DF9B529F7F1B500EA1C0A /* AuthViewControllerDelegate.swift */ = {isa = PBXFileReference; lastKnownFileType = sourcecode.swift; path = AuthViewControllerDelegate.swift; sourceTree = "<group>"; };
		E4A3B09029F2D406001D15C0 /* Constants.swift */ = {isa = PBXFileReference; lastKnownFileType = sourcecode.swift; path = Constants.swift; sourceTree = "<group>"; };
		E4A9749829C3C96C00C30D23 /* ImageFeed.app */ = {isa = PBXFileReference; explicitFileType = wrapper.application; includeInIndex = 0; path = ImageFeed.app; sourceTree = BUILT_PRODUCTS_DIR; };
		E4A9749B29C3C96C00C30D23 /* AppDelegate.swift */ = {isa = PBXFileReference; lastKnownFileType = sourcecode.swift; path = AppDelegate.swift; sourceTree = "<group>"; };
		E4A9749D29C3C96C00C30D23 /* SceneDelegate.swift */ = {isa = PBXFileReference; lastKnownFileType = sourcecode.swift; path = SceneDelegate.swift; sourceTree = "<group>"; };
		E4A9749F29C3C96C00C30D23 /* ImagesListViewController.swift */ = {isa = PBXFileReference; lastKnownFileType = sourcecode.swift; path = ImagesListViewController.swift; sourceTree = "<group>"; };
		E4A974A429C3C96C00C30D23 /* Assets.xcassets */ = {isa = PBXFileReference; lastKnownFileType = folder.assetcatalog; path = Assets.xcassets; sourceTree = "<group>"; };
		E4A974A729C3C96C00C30D23 /* Base */ = {isa = PBXFileReference; lastKnownFileType = file.storyboard; name = Base; path = Base.lproj/LaunchScreen.storyboard; sourceTree = "<group>"; };
		E4A974A929C3C96C00C30D23 /* Info.plist */ = {isa = PBXFileReference; lastKnownFileType = text.plist.xml; path = Info.plist; sourceTree = "<group>"; };
		E4AD177129D210AB00721CEA /* UIColor + Extensions.swift */ = {isa = PBXFileReference; lastKnownFileType = sourcecode.swift; path = "UIColor + Extensions.swift"; sourceTree = "<group>"; };
		E4C7D62B2A057692000FF18D /* TabBarController.swift */ = {isa = PBXFileReference; lastKnownFileType = sourcecode.swift; path = TabBarController.swift; sourceTree = "<group>"; };
		E4C7D62F2A07E5EF000FF18D /* URLSession+objectTask.swift */ = {isa = PBXFileReference; lastKnownFileType = sourcecode.swift; path = "URLSession+objectTask.swift"; sourceTree = "<group>"; };
		E4C7D6312A07E620000FF18D /* UIViewController+topMostViewController.swift */ = {isa = PBXFileReference; lastKnownFileType = sourcecode.swift; path = "UIViewController+topMostViewController.swift"; sourceTree = "<group>"; };
		E4D2B77829F73D39007289AD /* OAuthToken.swift */ = {isa = PBXFileReference; lastKnownFileType = sourcecode.swift; path = OAuthToken.swift; sourceTree = "<group>"; };
		E4D2B77C29F73E4A007289AD /* OAuth2Service.swift */ = {isa = PBXFileReference; lastKnownFileType = sourcecode.swift; path = OAuth2Service.swift; sourceTree = "<group>"; };
		E4D2B77E29F74EDD007289AD /* OAuth2TokenStorage.swift */ = {isa = PBXFileReference; lastKnownFileType = sourcecode.swift; path = OAuth2TokenStorage.swift; sourceTree = "<group>"; };
		E4D2B78129F7D46D007289AD /* SplashViewController.swift */ = {isa = PBXFileReference; lastKnownFileType = sourcecode.swift; path = SplashViewController.swift; sourceTree = "<group>"; };
		E4D657F429D5EA3100E455B5 /* GradientBlurView.swift */ = {isa = PBXFileReference; lastKnownFileType = sourcecode.swift; path = GradientBlurView.swift; sourceTree = "<group>"; };
		E4D6580429D6107E00E455B5 /* SF-Pro-Text-Bold.otf */ = {isa = PBXFileReference; lastKnownFileType = file; path = "SF-Pro-Text-Bold.otf"; sourceTree = "<group>"; };
		E4D6580A29D6107E00E455B5 /* SF-Pro-Text-Regular.otf */ = {isa = PBXFileReference; lastKnownFileType = file; path = "SF-Pro-Text-Regular.otf"; sourceTree = "<group>"; };
		E4F2677429DB1ECE00484A56 /* ProfileViewController.swift */ = {isa = PBXFileReference; lastKnownFileType = sourcecode.swift; path = ProfileViewController.swift; sourceTree = "<group>"; };
		E4F2677829DB3FC100484A56 /* SingleImageViewController.swift */ = {isa = PBXFileReference; lastKnownFileType = sourcecode.swift; path = SingleImageViewController.swift; sourceTree = "<group>"; };
		E4F2F0A529F715C100172E8A /* WebViewViewControllerDelegate.swift */ = {isa = PBXFileReference; lastKnownFileType = sourcecode.swift; path = WebViewViewControllerDelegate.swift; sourceTree = "<group>"; };
		E4F9522B2A1FF65600477A5A /* StubsAnimation.swift */ = {isa = PBXFileReference; lastKnownFileType = sourcecode.swift; path = StubsAnimation.swift; sourceTree = "<group>"; };
		E4F9522D2A2757AD00477A5A /* AlertPresenterReloadDelegate.swift */ = {isa = PBXFileReference; lastKnownFileType = sourcecode.swift; path = AlertPresenterReloadDelegate.swift; sourceTree = "<group>"; };
/* End PBXFileReference section */

/* Begin PBXFrameworksBuildPhase section */
		E4A9749529C3C96C00C30D23 /* Frameworks */ = {
			isa = PBXFrameworksBuildPhase;
			buildActionMask = 2147483647;
			files = (
				E4C7D6262A054553000FF18D /* Kingfisher in Frameworks */,
				E4EDB81329FACEA9006EFF8B /* ProgressHUD in Frameworks */,
				E4C7D6292A0556AD000FF18D /* SwiftKeychainWrapper in Frameworks */,
			);
			runOnlyForDeploymentPostprocessing = 0;
		};
/* End PBXFrameworksBuildPhase section */

/* Begin PBXGroup section */
		E40FC5F129F4530C00A810A7 /* Authorization */ = {
			isa = PBXGroup;
			children = (
				E4D2B77B29F73E18007289AD /* ViewControllers */,
				E4D2B77A29F73E09007289AD /* Services */,
				E4D2B77729F73D14007289AD /* Models */,
			);
			path = Authorization;
			sourceTree = "<group>";
		};
		E41706992A02B7CB00166399 /* Services */ = {
			isa = PBXGroup;
			children = (
				E417069A2A02B7E500166399 /* ProfileService.swift */,
				E41706A42A03C33F00166399 /* ProfileImageService.swift */,
			);
			path = Services;
			sourceTree = "<group>";
		};
		E417069C2A02B80800166399 /* Models */ = {
			isa = PBXGroup;
			children = (
				E417069D2A02B81E00166399 /* Profile.swift */,
				E41706A62A03C41F00166399 /* ProfileImage.swift */,
			);
			path = Models;
			sourceTree = "<group>";
		};
		E41706A12A02CB8900166399 /* ViewController */ = {
			isa = PBXGroup;
			children = (
				E4F2677429DB1ECE00484A56 /* ProfileViewController.swift */,
			);
			path = ViewController;
			sourceTree = "<group>";
		};
		E437C8702A0D367400DB8A80 /* AlertPresenter */ = {
			isa = PBXGroup;
			children = (
				E437C8712A0D368400DB8A80 /* AlertPresenter.swift */,
				E41B57CA2A1D65CF007B3560 /* AlertPresenterExitDelegate.swift */,
				E4F9522D2A2757AD00477A5A /* AlertPresenterReloadDelegate.swift */,
			);
			path = AlertPresenter;
			sourceTree = "<group>";
		};
		E43AB17629D0C102005361BF /* ImagesList */ = {
			isa = PBXGroup;
			children = (
				E44DB9CD2A1BB2B100157FC1 /* Services */,
				E47394B82A1BA801001088F5 /* Models */,
				E4A9749F29C3C96C00C30D23 /* ImagesListViewController.swift */,
				E43AB17729D0C122005361BF /* ImagesListCell.swift */,
			);
			path = ImagesList;
			sourceTree = "<group>";
		};
		E44AA80F29E305E3000A8F03 /* BaseViewController */ = {
			isa = PBXGroup;
			children = (
				E44AA81029E305F5000A8F03 /* BaseViewController.swift */,
			);
			path = BaseViewController;
			sourceTree = "<group>";
		};
		E44DB9CD2A1BB2B100157FC1 /* Services */ = {
			isa = PBXGroup;
			children = (
				E44DB9CE2A1BB2BD00157FC1 /* ImagesListService.swift */,
				E44DB9D02A1C068A00157FC1 /* ImagesListDelegate.swift */,
			);
			path = Services;
			sourceTree = "<group>";
		};
		E468211829E4B89000B84D75 /* Classes */ = {
			isa = PBXGroup;
			children = (
				E4D657F429D5EA3100E455B5 /* GradientBlurView.swift */,
				E44C56E729FD7FE90089AAAF /* UIBlockingProgressHUD.swift */,
				E417069F2A02BC0400166399 /* URLMaker.swift */,
			);
			path = Classes;
			sourceTree = "<group>";
		};
		E47394B82A1BA801001088F5 /* Models */ = {
			isa = PBXGroup;
			children = (
				E44DB9CB2A1BA86600157FC1 /* Photo.swift */,
			);
			path = Models;
			sourceTree = "<group>";
		};
		E4A9748F29C3C96C00C30D23 = {
			isa = PBXGroup;
			children = (
				E4A9749A29C3C96C00C30D23 /* ImageFeed */,
				E4A9749929C3C96C00C30D23 /* Products */,
			);
			sourceTree = "<group>";
		};
		E4A9749929C3C96C00C30D23 /* Products */ = {
			isa = PBXGroup;
			children = (
				E4A9749829C3C96C00C30D23 /* ImageFeed.app */,
			);
			name = Products;
			sourceTree = "<group>";
		};
		E4A9749A29C3C96C00C30D23 /* ImageFeed */ = {
			isa = PBXGroup;
			children = (
				E4F9522A2A1FF64500477A5A /* Animations */,
				E437C8702A0D367400DB8A80 /* AlertPresenter */,
				E4C7D62A2A05767B000FF18D /* TabBarController */,
				E4D2B78029F7D45D007289AD /* SplashScreen */,
				E40FC5F129F4530C00A810A7 /* Authorization */,
				E468211829E4B89000B84D75 /* Classes */,
				E44AA80F29E305E3000A8F03 /* BaseViewController */,
				E4F2677729DB3FA400484A56 /* SingleImage */,
				E4F2677629DB3F9200484A56 /* Profile */,
				E43AB17629D0C102005361BF /* ImagesList */,
				E4AD177029D2109B00721CEA /* Helpers */,
				E4D657F929D6106200E455B5 /* Fonts */,
				E4A9749B29C3C96C00C30D23 /* AppDelegate.swift */,
				E4A9749D29C3C96C00C30D23 /* SceneDelegate.swift */,
				E43AB17929D0CF59005361BF /* Main.storyboard */,
				E4A974A429C3C96C00C30D23 /* Assets.xcassets */,
				E4A974A629C3C96C00C30D23 /* LaunchScreen.storyboard */,
				E4A974A929C3C96C00C30D23 /* Info.plist */,
			);
			path = ImageFeed;
			sourceTree = "<group>";
		};
		E4AD177029D2109B00721CEA /* Helpers */ = {
			isa = PBXGroup;
			children = (
				E4AD177129D210AB00721CEA /* UIColor + Extensions.swift */,
				E4C7D62F2A07E5EF000FF18D /* URLSession+objectTask.swift */,
				E4C7D6312A07E620000FF18D /* UIViewController+topMostViewController.swift */,
				E4A3B09029F2D406001D15C0 /* Constants.swift */,
			);
			path = Helpers;
			sourceTree = "<group>";
		};
		E4C7D62A2A05767B000FF18D /* TabBarController */ = {
			isa = PBXGroup;
			children = (
				E4C7D62B2A057692000FF18D /* TabBarController.swift */,
			);
			path = TabBarController;
			sourceTree = "<group>";
		};
		E4D2B77729F73D14007289AD /* Models */ = {
			isa = PBXGroup;
			children = (
				E4D2B77829F73D39007289AD /* OAuthToken.swift */,
			);
			path = Models;
			sourceTree = "<group>";
		};
		E4D2B77A29F73E09007289AD /* Services */ = {
			isa = PBXGroup;
			children = (
				E4F2F0A529F715C100172E8A /* WebViewViewControllerDelegate.swift */,
				E49DF9B529F7F1B500EA1C0A /* AuthViewControllerDelegate.swift */,
				E4D2B77C29F73E4A007289AD /* OAuth2Service.swift */,
				E4D2B77E29F74EDD007289AD /* OAuth2TokenStorage.swift */,
			);
			path = Services;
			sourceTree = "<group>";
		};
		E4D2B77B29F73E18007289AD /* ViewControllers */ = {
			isa = PBXGroup;
			children = (
				E40FC5F229F4531A00A810A7 /* AuthViewController.swift */,
				E40FC5F429F45C7600A810A7 /* WebViewViewController.swift */,
			);
			path = ViewControllers;
			sourceTree = "<group>";
		};
		E4D2B78029F7D45D007289AD /* SplashScreen */ = {
			isa = PBXGroup;
			children = (
				E4D2B78129F7D46D007289AD /* SplashViewController.swift */,
			);
			path = SplashScreen;
			sourceTree = "<group>";
		};
		E4D657F929D6106200E455B5 /* Fonts */ = {
			isa = PBXGroup;
			children = (
				E4D6580429D6107E00E455B5 /* SF-Pro-Text-Bold.otf */,
				E4D6580A29D6107E00E455B5 /* SF-Pro-Text-Regular.otf */,
			);
			path = Fonts;
			sourceTree = "<group>";
		};
		E4F2677629DB3F9200484A56 /* Profile */ = {
			isa = PBXGroup;
			children = (
				E41706A12A02CB8900166399 /* ViewController */,
				E417069C2A02B80800166399 /* Models */,
				E41706992A02B7CB00166399 /* Services */,
			);
			path = Profile;
			sourceTree = "<group>";
		};
		E4F2677729DB3FA400484A56 /* SingleImage */ = {
			isa = PBXGroup;
			children = (
				E4F2677829DB3FC100484A56 /* SingleImageViewController.swift */,
			);
			path = SingleImage;
			sourceTree = "<group>";
		};
		E4F9522A2A1FF64500477A5A /* Animations */ = {
			isa = PBXGroup;
			children = (
				E4F9522B2A1FF65600477A5A /* StubsAnimation.swift */,
			);
			path = Animations;
			sourceTree = "<group>";
		};
/* End PBXGroup section */

/* Begin PBXNativeTarget section */
		E4A9749729C3C96C00C30D23 /* ImageFeed */ = {
			isa = PBXNativeTarget;
			buildConfigurationList = E4A974AC29C3C96C00C30D23 /* Build configuration list for PBXNativeTarget "ImageFeed" */;
			buildPhases = (
				E4A9749429C3C96C00C30D23 /* Sources */,
				E4A9749529C3C96C00C30D23 /* Frameworks */,
				E4A9749629C3C96C00C30D23 /* Resources */,
			);
			buildRules = (
			);
			dependencies = (
			);
			name = ImageFeed;
			packageProductDependencies = (
				E4EDB81229FACEA9006EFF8B /* ProgressHUD */,
				E4C7D6252A054553000FF18D /* Kingfisher */,
				E4C7D6282A0556AD000FF18D /* SwiftKeychainWrapper */,
			);
			productName = ImageFeed;
			productReference = E4A9749829C3C96C00C30D23 /* ImageFeed.app */;
			productType = "com.apple.product-type.application";
		};
/* End PBXNativeTarget section */

/* Begin PBXProject section */
		E4A9749029C3C96C00C30D23 /* Project object */ = {
			isa = PBXProject;
			attributes = {
				BuildIndependentTargetsInParallel = 1;
				LastSwiftUpdateCheck = 1410;
				LastUpgradeCheck = 1410;
				TargetAttributes = {
					E4A9749729C3C96C00C30D23 = {
						CreatedOnToolsVersion = 14.1;
					};
				};
			};
			buildConfigurationList = E4A9749329C3C96C00C30D23 /* Build configuration list for PBXProject "ImageFeed" */;
			compatibilityVersion = "Xcode 14.0";
			developmentRegion = en;
			hasScannedForEncodings = 0;
			knownRegions = (
				en,
				Base,
			);
			mainGroup = E4A9748F29C3C96C00C30D23;
			packageReferences = (
				E4EDB81129FACEA9006EFF8B /* XCRemoteSwiftPackageReference "ProgressHUD" */,
				E4C7D6242A054553000FF18D /* XCRemoteSwiftPackageReference "Kingfisher" */,
				E4C7D6272A0556AD000FF18D /* XCRemoteSwiftPackageReference "SwiftKeychainWrapper" */,
			);
			productRefGroup = E4A9749929C3C96C00C30D23 /* Products */;
			projectDirPath = "";
			projectRoot = "";
			targets = (
				E4A9749729C3C96C00C30D23 /* ImageFeed */,
			);
		};
/* End PBXProject section */

/* Begin PBXResourcesBuildPhase section */
		E4A9749629C3C96C00C30D23 /* Resources */ = {
			isa = PBXResourcesBuildPhase;
			buildActionMask = 2147483647;
			files = (
				E4D6583929D6108100E455B5 /* SF-Pro-Text-Regular.otf in Resources */,
				E43AB17A29D0CF59005361BF /* Main.storyboard in Resources */,
				E4A974A829C3C96C00C30D23 /* LaunchScreen.storyboard in Resources */,
				E4D6583329D6108100E455B5 /* SF-Pro-Text-Bold.otf in Resources */,
				E4A974A529C3C96C00C30D23 /* Assets.xcassets in Resources */,
			);
			runOnlyForDeploymentPostprocessing = 0;
		};
/* End PBXResourcesBuildPhase section */

/* Begin PBXSourcesBuildPhase section */
		E4A9749429C3C96C00C30D23 /* Sources */ = {
			isa = PBXSourcesBuildPhase;
			buildActionMask = 2147483647;
			files = (
				E44DB9D12A1C068A00157FC1 /* ImagesListDelegate.swift in Sources */,
				E417069E2A02B81E00166399 /* Profile.swift in Sources */,
				E4C7D62C2A057692000FF18D /* TabBarController.swift in Sources */,
				E4A974A029C3C96C00C30D23 /* ImagesListViewController.swift in Sources */,
				E4A3B09129F2D406001D15C0 /* Constants.swift in Sources */,
				E4D2B77D29F73E4A007289AD /* OAuth2Service.swift in Sources */,
				E44C56E829FD7FE90089AAAF /* UIBlockingProgressHUD.swift in Sources */,
				E4D2B78229F7D46D007289AD /* SplashViewController.swift in Sources */,
				E4D2B77929F73D39007289AD /* OAuthToken.swift in Sources */,
				E4AD177229D210AB00721CEA /* UIColor + Extensions.swift in Sources */,
				E41706A72A03C41F00166399 /* ProfileImage.swift in Sources */,
				E4C7D6302A07E5EF000FF18D /* URLSession+objectTask.swift in Sources */,
				E43AB17829D0C122005361BF /* ImagesListCell.swift in Sources */,
				E4C7D6322A07E620000FF18D /* UIViewController+topMostViewController.swift in Sources */,
				E41706A52A03C33F00166399 /* ProfileImageService.swift in Sources */,
				E437C8722A0D368400DB8A80 /* AlertPresenter.swift in Sources */,
				E4D2B77F29F74EDD007289AD /* OAuth2TokenStorage.swift in Sources */,
				E4F9522E2A2757AD00477A5A /* AlertPresenterReloadDelegate.swift in Sources */,
				E40FC5F329F4531A00A810A7 /* AuthViewController.swift in Sources */,
				E4F2F0A629F715C100172E8A /* WebViewViewControllerDelegate.swift in Sources */,
				E4D657F529D5EA3100E455B5 /* GradientBlurView.swift in Sources */,
				E41B57CB2A1D65CF007B3560 /* AlertPresenterExitDelegate.swift in Sources */,
				E4F2677529DB1ECE00484A56 /* ProfileViewController.swift in Sources */,
				E44DB9CC2A1BA86600157FC1 /* Photo.swift in Sources */,
				E40FC5F529F45C7600A810A7 /* WebViewViewController.swift in Sources */,
				E44AA81129E305F5000A8F03 /* BaseViewController.swift in Sources */,
				E4A9749C29C3C96C00C30D23 /* AppDelegate.swift in Sources */,
				E49DF9B629F7F1B500EA1C0A /* AuthViewControllerDelegate.swift in Sources */,
				E4F2677929DB3FC100484A56 /* SingleImageViewController.swift in Sources */,
				E4A9749E29C3C96C00C30D23 /* SceneDelegate.swift in Sources */,
				E4F9522C2A1FF65600477A5A /* StubsAnimation.swift in Sources */,
				E417069B2A02B7E500166399 /* ProfileService.swift in Sources */,
				E41706A02A02BC0400166399 /* URLMaker.swift in Sources */,
				E44DB9CF2A1BB2BD00157FC1 /* ImagesListService.swift in Sources */,
			);
			runOnlyForDeploymentPostprocessing = 0;
		};
/* End PBXSourcesBuildPhase section */

/* Begin PBXVariantGroup section */
		E4A974A629C3C96C00C30D23 /* LaunchScreen.storyboard */ = {
			isa = PBXVariantGroup;
			children = (
				E4A974A729C3C96C00C30D23 /* Base */,
			);
			name = LaunchScreen.storyboard;
			sourceTree = "<group>";
		};
/* End PBXVariantGroup section */

/* Begin XCBuildConfiguration section */
		E4A974AA29C3C96C00C30D23 /* Debug */ = {
			isa = XCBuildConfiguration;
			buildSettings = {
				ALWAYS_SEARCH_USER_PATHS = NO;
				CLANG_ANALYZER_NONNULL = YES;
				CLANG_ANALYZER_NUMBER_OBJECT_CONVERSION = YES_AGGRESSIVE;
				CLANG_CXX_LANGUAGE_STANDARD = "gnu++20";
				CLANG_ENABLE_MODULES = YES;
				CLANG_ENABLE_OBJC_ARC = YES;
				CLANG_ENABLE_OBJC_WEAK = YES;
				CLANG_WARN_BLOCK_CAPTURE_AUTORELEASING = YES;
				CLANG_WARN_BOOL_CONVERSION = YES;
				CLANG_WARN_COMMA = YES;
				CLANG_WARN_CONSTANT_CONVERSION = YES;
				CLANG_WARN_DEPRECATED_OBJC_IMPLEMENTATIONS = YES;
				CLANG_WARN_DIRECT_OBJC_ISA_USAGE = YES_ERROR;
				CLANG_WARN_DOCUMENTATION_COMMENTS = YES;
				CLANG_WARN_EMPTY_BODY = YES;
				CLANG_WARN_ENUM_CONVERSION = YES;
				CLANG_WARN_INFINITE_RECURSION = YES;
				CLANG_WARN_INT_CONVERSION = YES;
				CLANG_WARN_NON_LITERAL_NULL_CONVERSION = YES;
				CLANG_WARN_OBJC_IMPLICIT_RETAIN_SELF = YES;
				CLANG_WARN_OBJC_LITERAL_CONVERSION = YES;
				CLANG_WARN_OBJC_ROOT_CLASS = YES_ERROR;
				CLANG_WARN_QUOTED_INCLUDE_IN_FRAMEWORK_HEADER = YES;
				CLANG_WARN_RANGE_LOOP_ANALYSIS = YES;
				CLANG_WARN_STRICT_PROTOTYPES = YES;
				CLANG_WARN_SUSPICIOUS_MOVE = YES;
				CLANG_WARN_UNGUARDED_AVAILABILITY = YES_AGGRESSIVE;
				CLANG_WARN_UNREACHABLE_CODE = YES;
				CLANG_WARN__DUPLICATE_METHOD_MATCH = YES;
				COPY_PHASE_STRIP = NO;
				DEBUG_INFORMATION_FORMAT = dwarf;
				ENABLE_STRICT_OBJC_MSGSEND = YES;
				ENABLE_TESTABILITY = YES;
				GCC_C_LANGUAGE_STANDARD = gnu11;
				GCC_DYNAMIC_NO_PIC = NO;
				GCC_NO_COMMON_BLOCKS = YES;
				GCC_OPTIMIZATION_LEVEL = 0;
				GCC_PREPROCESSOR_DEFINITIONS = (
					"DEBUG=1",
					"$(inherited)",
				);
				GCC_WARN_64_TO_32_BIT_CONVERSION = YES;
				GCC_WARN_ABOUT_RETURN_TYPE = YES_ERROR;
				GCC_WARN_UNDECLARED_SELECTOR = YES;
				GCC_WARN_UNINITIALIZED_AUTOS = YES_AGGRESSIVE;
				GCC_WARN_UNUSED_FUNCTION = YES;
				GCC_WARN_UNUSED_VARIABLE = YES;
				IPHONEOS_DEPLOYMENT_TARGET = 16.1;
				MTL_ENABLE_DEBUG_INFO = INCLUDE_SOURCE;
				MTL_FAST_MATH = YES;
				ONLY_ACTIVE_ARCH = YES;
				SDKROOT = iphoneos;
				SWIFT_ACTIVE_COMPILATION_CONDITIONS = DEBUG;
				SWIFT_OPTIMIZATION_LEVEL = "-Onone";
			};
			name = Debug;
		};
		E4A974AB29C3C96C00C30D23 /* Release */ = {
			isa = XCBuildConfiguration;
			buildSettings = {
				ALWAYS_SEARCH_USER_PATHS = NO;
				CLANG_ANALYZER_NONNULL = YES;
				CLANG_ANALYZER_NUMBER_OBJECT_CONVERSION = YES_AGGRESSIVE;
				CLANG_CXX_LANGUAGE_STANDARD = "gnu++20";
				CLANG_ENABLE_MODULES = YES;
				CLANG_ENABLE_OBJC_ARC = YES;
				CLANG_ENABLE_OBJC_WEAK = YES;
				CLANG_WARN_BLOCK_CAPTURE_AUTORELEASING = YES;
				CLANG_WARN_BOOL_CONVERSION = YES;
				CLANG_WARN_COMMA = YES;
				CLANG_WARN_CONSTANT_CONVERSION = YES;
				CLANG_WARN_DEPRECATED_OBJC_IMPLEMENTATIONS = YES;
				CLANG_WARN_DIRECT_OBJC_ISA_USAGE = YES_ERROR;
				CLANG_WARN_DOCUMENTATION_COMMENTS = YES;
				CLANG_WARN_EMPTY_BODY = YES;
				CLANG_WARN_ENUM_CONVERSION = YES;
				CLANG_WARN_INFINITE_RECURSION = YES;
				CLANG_WARN_INT_CONVERSION = YES;
				CLANG_WARN_NON_LITERAL_NULL_CONVERSION = YES;
				CLANG_WARN_OBJC_IMPLICIT_RETAIN_SELF = YES;
				CLANG_WARN_OBJC_LITERAL_CONVERSION = YES;
				CLANG_WARN_OBJC_ROOT_CLASS = YES_ERROR;
				CLANG_WARN_QUOTED_INCLUDE_IN_FRAMEWORK_HEADER = YES;
				CLANG_WARN_RANGE_LOOP_ANALYSIS = YES;
				CLANG_WARN_STRICT_PROTOTYPES = YES;
				CLANG_WARN_SUSPICIOUS_MOVE = YES;
				CLANG_WARN_UNGUARDED_AVAILABILITY = YES_AGGRESSIVE;
				CLANG_WARN_UNREACHABLE_CODE = YES;
				CLANG_WARN__DUPLICATE_METHOD_MATCH = YES;
				COPY_PHASE_STRIP = NO;
				DEBUG_INFORMATION_FORMAT = "dwarf-with-dsym";
				ENABLE_NS_ASSERTIONS = NO;
				ENABLE_STRICT_OBJC_MSGSEND = YES;
				GCC_C_LANGUAGE_STANDARD = gnu11;
				GCC_NO_COMMON_BLOCKS = YES;
				GCC_WARN_64_TO_32_BIT_CONVERSION = YES;
				GCC_WARN_ABOUT_RETURN_TYPE = YES_ERROR;
				GCC_WARN_UNDECLARED_SELECTOR = YES;
				GCC_WARN_UNINITIALIZED_AUTOS = YES_AGGRESSIVE;
				GCC_WARN_UNUSED_FUNCTION = YES;
				GCC_WARN_UNUSED_VARIABLE = YES;
				IPHONEOS_DEPLOYMENT_TARGET = 16.1;
				MTL_ENABLE_DEBUG_INFO = NO;
				MTL_FAST_MATH = YES;
				SDKROOT = iphoneos;
				SWIFT_COMPILATION_MODE = wholemodule;
				SWIFT_OPTIMIZATION_LEVEL = "-O";
				VALIDATE_PRODUCT = YES;
			};
			name = Release;
		};
		E4A974AD29C3C96C00C30D23 /* Debug */ = {
			isa = XCBuildConfiguration;
			buildSettings = {
				ASSETCATALOG_COMPILER_APPICON_NAME = AppIcon;
				ASSETCATALOG_COMPILER_GLOBAL_ACCENT_COLOR_NAME = AccentColor;
				CODE_SIGN_STYLE = Automatic;
				CURRENT_PROJECT_VERSION = 1;
				DEVELOPMENT_TEAM = GCW3JGYN77;
				GENERATE_INFOPLIST_FILE = YES;
				INFOPLIST_FILE = ImageFeed/Info.plist;
				INFOPLIST_KEY_UIApplicationSupportsIndirectInputEvents = YES;
				INFOPLIST_KEY_UILaunchStoryboardName = LaunchScreen;
				INFOPLIST_KEY_UIMainStoryboardFile = Main;
				INFOPLIST_KEY_UIStatusBarHidden = YES;
				INFOPLIST_KEY_UIStatusBarStyle = "";
				INFOPLIST_KEY_UISupportedInterfaceOrientations = UIInterfaceOrientationPortrait;
				INFOPLIST_KEY_UISupportedInterfaceOrientations_iPad = "UIInterfaceOrientationLandscapeLeft UIInterfaceOrientationLandscapeRight UIInterfaceOrientationPortrait UIInterfaceOrientationPortraitUpsideDown";
				IPHONEOS_DEPLOYMENT_TARGET = 13.0;
				LD_RUNPATH_SEARCH_PATHS = (
					"$(inherited)",
					"@executable_path/Frameworks",
				);
				MARKETING_VERSION = 1.0;
				PRODUCT_BUNDLE_IDENTIFIER = "ru.r-yy.ImageFeed";
				PRODUCT_NAME = "$(TARGET_NAME)";
				SUPPORTED_PLATFORMS = "iphoneos iphonesimulator";
				SUPPORTS_MACCATALYST = NO;
				SUPPORTS_MAC_DESIGNED_FOR_IPHONE_IPAD = YES;
				SWIFT_EMIT_LOC_STRINGS = YES;
				SWIFT_VERSION = 5.0;
				TARGETED_DEVICE_FAMILY = 1;
			};
			name = Debug;
		};
		E4A974AE29C3C96C00C30D23 /* Release */ = {
			isa = XCBuildConfiguration;
			buildSettings = {
				ASSETCATALOG_COMPILER_APPICON_NAME = AppIcon;
				ASSETCATALOG_COMPILER_GLOBAL_ACCENT_COLOR_NAME = AccentColor;
				CODE_SIGN_STYLE = Automatic;
				CURRENT_PROJECT_VERSION = 1;
				DEVELOPMENT_TEAM = GCW3JGYN77;
				GENERATE_INFOPLIST_FILE = YES;
				INFOPLIST_FILE = ImageFeed/Info.plist;
				INFOPLIST_KEY_UIApplicationSupportsIndirectInputEvents = YES;
				INFOPLIST_KEY_UILaunchStoryboardName = LaunchScreen;
				INFOPLIST_KEY_UIMainStoryboardFile = Main;
				INFOPLIST_KEY_UIStatusBarHidden = YES;
				INFOPLIST_KEY_UIStatusBarStyle = "";
				INFOPLIST_KEY_UISupportedInterfaceOrientations = UIInterfaceOrientationPortrait;
				INFOPLIST_KEY_UISupportedInterfaceOrientations_iPad = "UIInterfaceOrientationLandscapeLeft UIInterfaceOrientationLandscapeRight UIInterfaceOrientationPortrait UIInterfaceOrientationPortraitUpsideDown";
				IPHONEOS_DEPLOYMENT_TARGET = 13.0;
				LD_RUNPATH_SEARCH_PATHS = (
					"$(inherited)",
					"@executable_path/Frameworks",
				);
				MARKETING_VERSION = 1.0;
				PRODUCT_BUNDLE_IDENTIFIER = "ru.r-yy.ImageFeed";
				PRODUCT_NAME = "$(TARGET_NAME)";
				SUPPORTED_PLATFORMS = "iphoneos iphonesimulator";
				SUPPORTS_MACCATALYST = NO;
				SUPPORTS_MAC_DESIGNED_FOR_IPHONE_IPAD = YES;
				SWIFT_EMIT_LOC_STRINGS = YES;
				SWIFT_VERSION = 5.0;
				TARGETED_DEVICE_FAMILY = 1;
			};
			name = Release;
		};
/* End XCBuildConfiguration section */

/* Begin XCConfigurationList section */
		E4A9749329C3C96C00C30D23 /* Build configuration list for PBXProject "ImageFeed" */ = {
			isa = XCConfigurationList;
			buildConfigurations = (
				E4A974AA29C3C96C00C30D23 /* Debug */,
				E4A974AB29C3C96C00C30D23 /* Release */,
			);
			defaultConfigurationIsVisible = 0;
			defaultConfigurationName = Release;
		};
		E4A974AC29C3C96C00C30D23 /* Build configuration list for PBXNativeTarget "ImageFeed" */ = {
			isa = XCConfigurationList;
			buildConfigurations = (
				E4A974AD29C3C96C00C30D23 /* Debug */,
				E4A974AE29C3C96C00C30D23 /* Release */,
			);
			defaultConfigurationIsVisible = 0;
			defaultConfigurationName = Release;
		};
/* End XCConfigurationList section */

/* Begin XCRemoteSwiftPackageReference section */
		E4C7D6242A054553000FF18D /* XCRemoteSwiftPackageReference "Kingfisher" */ = {
			isa = XCRemoteSwiftPackageReference;
			repositoryURL = "https://github.com/onevcat/Kingfisher";
			requirement = {
				kind = upToNextMajorVersion;
				minimumVersion = 7.0.0;
			};
		};
		E4C7D6272A0556AD000FF18D /* XCRemoteSwiftPackageReference "SwiftKeychainWrapper" */ = {
			isa = XCRemoteSwiftPackageReference;
			repositoryURL = "https://github.com/jrendel/SwiftKeychainWrapper";
			requirement = {
				kind = upToNextMajorVersion;
				minimumVersion = 4.0.0;
			};
		};
		E4EDB81129FACEA9006EFF8B /* XCRemoteSwiftPackageReference "ProgressHUD" */ = {
			isa = XCRemoteSwiftPackageReference;
			repositoryURL = "https://github.com/relatedcode/ProgressHUD";
			requirement = {
				kind = exactVersion;
				version = 13.6.2;
			};
		};
/* End XCRemoteSwiftPackageReference section */

/* Begin XCSwiftPackageProductDependency section */
		E4C7D6252A054553000FF18D /* Kingfisher */ = {
			isa = XCSwiftPackageProductDependency;
			package = E4C7D6242A054553000FF18D /* XCRemoteSwiftPackageReference "Kingfisher" */;
			productName = Kingfisher;
		};
		E4C7D6282A0556AD000FF18D /* SwiftKeychainWrapper */ = {
			isa = XCSwiftPackageProductDependency;
			package = E4C7D6272A0556AD000FF18D /* XCRemoteSwiftPackageReference "SwiftKeychainWrapper" */;
			productName = SwiftKeychainWrapper;
		};
		E4EDB81229FACEA9006EFF8B /* ProgressHUD */ = {
			isa = XCSwiftPackageProductDependency;
			package = E4EDB81129FACEA9006EFF8B /* XCRemoteSwiftPackageReference "ProgressHUD" */;
			productName = ProgressHUD;
		};
/* End XCSwiftPackageProductDependency section */
	};
	rootObject = E4A9749029C3C96C00C30D23 /* Project object */;
}
