// !$*UTF8*$!
{
	archiveVersion = 1;
	classes = {
	};
	objectVersion = 56;
	objects = {

/* Begin PBXBuildFile section */
		E43AB17829D0C122005361BF /* ImagesListCell.swift in Sources */ = {isa = PBXBuildFile; fileRef = E43AB17729D0C122005361BF /* ImagesListCell.swift */; };
		E43AB17A29D0CF59005361BF /* Main.storyboard in Resources */ = {isa = PBXBuildFile; fileRef = E43AB17929D0CF59005361BF /* Main.storyboard */; };
		E4A9749C29C3C96C00C30D23 /* AppDelegate.swift in Sources */ = {isa = PBXBuildFile; fileRef = E4A9749B29C3C96C00C30D23 /* AppDelegate.swift */; };
		E4A9749E29C3C96C00C30D23 /* SceneDelegate.swift in Sources */ = {isa = PBXBuildFile; fileRef = E4A9749D29C3C96C00C30D23 /* SceneDelegate.swift */; };
		E4A974A029C3C96C00C30D23 /* ImagesListViewController.swift in Sources */ = {isa = PBXBuildFile; fileRef = E4A9749F29C3C96C00C30D23 /* ImagesListViewController.swift */; };
		E4A974A529C3C96C00C30D23 /* Assets.xcassets in Resources */ = {isa = PBXBuildFile; fileRef = E4A974A429C3C96C00C30D23 /* Assets.xcassets */; };
		E4A974A829C3C96C00C30D23 /* LaunchScreen.storyboard in Resources */ = {isa = PBXBuildFile; fileRef = E4A974A629C3C96C00C30D23 /* LaunchScreen.storyboard */; };
		E4AD177229D210AB00721CEA /* UIColor + Extensions.swift in Sources */ = {isa = PBXBuildFile; fileRef = E4AD177129D210AB00721CEA /* UIColor + Extensions.swift */; };
		E4D657F529D5EA3100E455B5 /* GradientBlurView.swift in Sources */ = {isa = PBXBuildFile; fileRef = E4D657F429D5EA3100E455B5 /* GradientBlurView.swift */; };
		E4D6582929D6108100E455B5 /* SF-Pro-Rounded-Medium.otf in Resources */ = {isa = PBXBuildFile; fileRef = E4D657FA29D6107D00E455B5 /* SF-Pro-Rounded-Medium.otf */; };
		E4D6582A29D6108100E455B5 /* SF-Pro-Display-BoldItalic.otf in Resources */ = {isa = PBXBuildFile; fileRef = E4D657FB29D6107D00E455B5 /* SF-Pro-Display-BoldItalic.otf */; };
		E4D6582B29D6108100E455B5 /* SF-Pro-Text-Black.otf in Resources */ = {isa = PBXBuildFile; fileRef = E4D657FC29D6107D00E455B5 /* SF-Pro-Text-Black.otf */; };
		E4D6582C29D6108100E455B5 /* SF-Pro-Text-Light.otf in Resources */ = {isa = PBXBuildFile; fileRef = E4D657FD29D6107D00E455B5 /* SF-Pro-Text-Light.otf */; };
		E4D6582D29D6108100E455B5 /* SF-Pro-Text-Semibold.otf in Resources */ = {isa = PBXBuildFile; fileRef = E4D657FE29D6107D00E455B5 /* SF-Pro-Text-Semibold.otf */; };
		E4D6582E29D6108100E455B5 /* SF-Pro-Text-SemiboldItalic.otf in Resources */ = {isa = PBXBuildFile; fileRef = E4D657FF29D6107D00E455B5 /* SF-Pro-Text-SemiboldItalic.otf */; };
		E4D6582F29D6108100E455B5 /* SF-Pro-Text-Ultralight.otf in Resources */ = {isa = PBXBuildFile; fileRef = E4D6580029D6107D00E455B5 /* SF-Pro-Text-Ultralight.otf */; };
		E4D6583029D6108100E455B5 /* SF-Pro-Display-Semibold.otf in Resources */ = {isa = PBXBuildFile; fileRef = E4D6580129D6107D00E455B5 /* SF-Pro-Display-Semibold.otf */; };
		E4D6583129D6108100E455B5 /* SF-Pro-Rounded-Thin.otf in Resources */ = {isa = PBXBuildFile; fileRef = E4D6580229D6107D00E455B5 /* SF-Pro-Rounded-Thin.otf */; };
		E4D6583229D6108100E455B5 /* SF-Pro-Text-Medium.otf in Resources */ = {isa = PBXBuildFile; fileRef = E4D6580329D6107D00E455B5 /* SF-Pro-Text-Medium.otf */; };
		E4D6583329D6108100E455B5 /* SF-Pro-Text-Bold.otf in Resources */ = {isa = PBXBuildFile; fileRef = E4D6580429D6107E00E455B5 /* SF-Pro-Text-Bold.otf */; };
		E4D6583429D6108100E455B5 /* SF-Pro-Text-LightItalic.otf in Resources */ = {isa = PBXBuildFile; fileRef = E4D6580529D6107E00E455B5 /* SF-Pro-Text-LightItalic.otf */; };
		E4D6583529D6108100E455B5 /* SF-Pro-Display-ThinItalic.otf in Resources */ = {isa = PBXBuildFile; fileRef = E4D6580629D6107E00E455B5 /* SF-Pro-Display-ThinItalic.otf */; };
		E4D6583629D6108100E455B5 /* SF-Pro-Text-ThinItalic.otf in Resources */ = {isa = PBXBuildFile; fileRef = E4D6580729D6107E00E455B5 /* SF-Pro-Text-ThinItalic.otf */; };
		E4D6583729D6108100E455B5 /* SF-Pro-Italic.ttf in Resources */ = {isa = PBXBuildFile; fileRef = E4D6580829D6107E00E455B5 /* SF-Pro-Italic.ttf */; };
		E4D6583829D6108100E455B5 /* SF-Pro-Display-Light.otf in Resources */ = {isa = PBXBuildFile; fileRef = E4D6580929D6107E00E455B5 /* SF-Pro-Display-Light.otf */; };
		E4D6583929D6108100E455B5 /* SF-Pro-Text-Regular.otf in Resources */ = {isa = PBXBuildFile; fileRef = E4D6580A29D6107E00E455B5 /* SF-Pro-Text-Regular.otf */; };
		E4D6583A29D6108100E455B5 /* SF-Pro-Text-Thin.otf in Resources */ = {isa = PBXBuildFile; fileRef = E4D6580B29D6107E00E455B5 /* SF-Pro-Text-Thin.otf */; };
		E4D6583B29D6108100E455B5 /* SF-Pro-Text-BoldItalic.otf in Resources */ = {isa = PBXBuildFile; fileRef = E4D6580C29D6107E00E455B5 /* SF-Pro-Text-BoldItalic.otf */; };
		E4D6583C29D6108100E455B5 /* SF-Pro-Display-UltralightItalic.otf in Resources */ = {isa = PBXBuildFile; fileRef = E4D6580D29D6107E00E455B5 /* SF-Pro-Display-UltralightItalic.otf */; };
		E4D6583D29D6108100E455B5 /* SF-Pro-Text-UltralightItalic.otf in Resources */ = {isa = PBXBuildFile; fileRef = E4D6580E29D6107F00E455B5 /* SF-Pro-Text-UltralightItalic.otf */; };
		E4D6583E29D6108100E455B5 /* SF-Pro.ttf in Resources */ = {isa = PBXBuildFile; fileRef = E4D6580F29D6107F00E455B5 /* SF-Pro.ttf */; };
		E4D6583F29D6108100E455B5 /* SF-Pro-Rounded-Black.otf in Resources */ = {isa = PBXBuildFile; fileRef = E4D6581029D6107F00E455B5 /* SF-Pro-Rounded-Black.otf */; };
		E4D6584029D6108100E455B5 /* SF-Pro-Rounded-Ultralight.otf in Resources */ = {isa = PBXBuildFile; fileRef = E4D6581129D6107F00E455B5 /* SF-Pro-Rounded-Ultralight.otf */; };
		E4D6584129D6108100E455B5 /* SF-Pro-Display-MediumItalic.otf in Resources */ = {isa = PBXBuildFile; fileRef = E4D6581229D6107F00E455B5 /* SF-Pro-Display-MediumItalic.otf */; };
		E4D6584229D6108100E455B5 /* SF-Pro-Rounded-Bold.otf in Resources */ = {isa = PBXBuildFile; fileRef = E4D6581329D6107F00E455B5 /* SF-Pro-Rounded-Bold.otf */; };
		E4D6584329D6108100E455B5 /* SF-Pro-Rounded-Semibold.otf in Resources */ = {isa = PBXBuildFile; fileRef = E4D6581429D6107F00E455B5 /* SF-Pro-Rounded-Semibold.otf */; };
		E4D6584429D6108100E455B5 /* SF-Pro-Display-Bold.otf in Resources */ = {isa = PBXBuildFile; fileRef = E4D6581529D6107F00E455B5 /* SF-Pro-Display-Bold.otf */; };
		E4D6584529D6108100E455B5 /* SF-Pro-Display-Black.otf in Resources */ = {isa = PBXBuildFile; fileRef = E4D6581629D6107F00E455B5 /* SF-Pro-Display-Black.otf */; };
		E4D6584629D6108100E455B5 /* SF-Pro-Display-LightItalic.otf in Resources */ = {isa = PBXBuildFile; fileRef = E4D6581729D6108000E455B5 /* SF-Pro-Display-LightItalic.otf */; };
		E4D6584729D6108100E455B5 /* SF-Pro-Text-RegularItalic.otf in Resources */ = {isa = PBXBuildFile; fileRef = E4D6581829D6108000E455B5 /* SF-Pro-Text-RegularItalic.otf */; };
		E4D6584829D6108100E455B5 /* SF-Pro-Display-Ultralight.otf in Resources */ = {isa = PBXBuildFile; fileRef = E4D6581929D6108000E455B5 /* SF-Pro-Display-Ultralight.otf */; };
		E4D6584929D6108100E455B5 /* SF-Pro-Text-BlackItalic.otf in Resources */ = {isa = PBXBuildFile; fileRef = E4D6581A29D6108000E455B5 /* SF-Pro-Text-BlackItalic.otf */; };
		E4D6584A29D6108100E455B5 /* SF-Pro-Display-SemiboldItalic.otf in Resources */ = {isa = PBXBuildFile; fileRef = E4D6581B29D6108000E455B5 /* SF-Pro-Display-SemiboldItalic.otf */; };
		E4D6584B29D6108100E455B5 /* SF-Pro-Text-MediumItalic.otf in Resources */ = {isa = PBXBuildFile; fileRef = E4D6581C29D6108000E455B5 /* SF-Pro-Text-MediumItalic.otf */; };
		E4D6584C29D6108100E455B5 /* SF-Pro-Display-Heavy.otf in Resources */ = {isa = PBXBuildFile; fileRef = E4D6581D29D6108000E455B5 /* SF-Pro-Display-Heavy.otf */; };
		E4D6584D29D6108100E455B5 /* SF-Pro-Display-RegularItalic.otf in Resources */ = {isa = PBXBuildFile; fileRef = E4D6581E29D6108000E455B5 /* SF-Pro-Display-RegularItalic.otf */; };
		E4D6584E29D6108100E455B5 /* SF-Pro-Text-Heavy.otf in Resources */ = {isa = PBXBuildFile; fileRef = E4D6581F29D6108000E455B5 /* SF-Pro-Text-Heavy.otf */; };
		E4D6584F29D6108100E455B5 /* SF-Pro-Rounded-Heavy.otf in Resources */ = {isa = PBXBuildFile; fileRef = E4D6582029D6108000E455B5 /* SF-Pro-Rounded-Heavy.otf */; };
		E4D6585029D6108100E455B5 /* SF-Pro-Text-HeavyItalic.otf in Resources */ = {isa = PBXBuildFile; fileRef = E4D6582129D6108100E455B5 /* SF-Pro-Text-HeavyItalic.otf */; };
		E4D6585129D6108100E455B5 /* SF-Pro-Rounded-Light.otf in Resources */ = {isa = PBXBuildFile; fileRef = E4D6582229D6108100E455B5 /* SF-Pro-Rounded-Light.otf */; };
		E4D6585229D6108100E455B5 /* SF-Pro-Display-HeavyItalic.otf in Resources */ = {isa = PBXBuildFile; fileRef = E4D6582329D6108100E455B5 /* SF-Pro-Display-HeavyItalic.otf */; };
		E4D6585329D6108100E455B5 /* SF-Pro-Display-BlackItalic.otf in Resources */ = {isa = PBXBuildFile; fileRef = E4D6582429D6108100E455B5 /* SF-Pro-Display-BlackItalic.otf */; };
		E4D6585429D6108100E455B5 /* SF-Pro-Display-Regular.otf in Resources */ = {isa = PBXBuildFile; fileRef = E4D6582529D6108100E455B5 /* SF-Pro-Display-Regular.otf */; };
		E4D6585529D6108100E455B5 /* SF-Pro-Display-Thin.otf in Resources */ = {isa = PBXBuildFile; fileRef = E4D6582629D6108100E455B5 /* SF-Pro-Display-Thin.otf */; };
		E4D6585629D6108100E455B5 /* SF-Pro-Display-Medium.otf in Resources */ = {isa = PBXBuildFile; fileRef = E4D6582729D6108100E455B5 /* SF-Pro-Display-Medium.otf */; };
		E4D6585729D6108100E455B5 /* SF-Pro-Rounded-Regular.otf in Resources */ = {isa = PBXBuildFile; fileRef = E4D6582829D6108100E455B5 /* SF-Pro-Rounded-Regular.otf */; };
/* End PBXBuildFile section */

/* Begin PBXFileReference section */
		E43AB17729D0C122005361BF /* ImagesListCell.swift */ = {isa = PBXFileReference; lastKnownFileType = sourcecode.swift; path = ImagesListCell.swift; sourceTree = "<group>"; };
		E43AB17929D0CF59005361BF /* Main.storyboard */ = {isa = PBXFileReference; fileEncoding = 4; lastKnownFileType = file.storyboard; path = Main.storyboard; sourceTree = "<group>"; };
		E4A9749829C3C96C00C30D23 /* ImageFeed.app */ = {isa = PBXFileReference; explicitFileType = wrapper.application; includeInIndex = 0; path = ImageFeed.app; sourceTree = BUILT_PRODUCTS_DIR; };
		E4A9749B29C3C96C00C30D23 /* AppDelegate.swift */ = {isa = PBXFileReference; lastKnownFileType = sourcecode.swift; path = AppDelegate.swift; sourceTree = "<group>"; };
		E4A9749D29C3C96C00C30D23 /* SceneDelegate.swift */ = {isa = PBXFileReference; lastKnownFileType = sourcecode.swift; path = SceneDelegate.swift; sourceTree = "<group>"; };
		E4A9749F29C3C96C00C30D23 /* ImagesListViewController.swift */ = {isa = PBXFileReference; lastKnownFileType = sourcecode.swift; path = ImagesListViewController.swift; sourceTree = "<group>"; };
		E4A974A429C3C96C00C30D23 /* Assets.xcassets */ = {isa = PBXFileReference; lastKnownFileType = folder.assetcatalog; path = Assets.xcassets; sourceTree = "<group>"; };
		E4A974A729C3C96C00C30D23 /* Base */ = {isa = PBXFileReference; lastKnownFileType = file.storyboard; name = Base; path = Base.lproj/LaunchScreen.storyboard; sourceTree = "<group>"; };
		E4A974A929C3C96C00C30D23 /* Info.plist */ = {isa = PBXFileReference; lastKnownFileType = text.plist.xml; path = Info.plist; sourceTree = "<group>"; };
		E4AD177129D210AB00721CEA /* UIColor + Extensions.swift */ = {isa = PBXFileReference; lastKnownFileType = sourcecode.swift; path = "UIColor + Extensions.swift"; sourceTree = "<group>"; };
		E4D657F429D5EA3100E455B5 /* GradientBlurView.swift */ = {isa = PBXFileReference; lastKnownFileType = sourcecode.swift; path = GradientBlurView.swift; sourceTree = "<group>"; };
		E4D657FA29D6107D00E455B5 /* SF-Pro-Rounded-Medium.otf */ = {isa = PBXFileReference; lastKnownFileType = file; path = "SF-Pro-Rounded-Medium.otf"; sourceTree = "<group>"; };
		E4D657FB29D6107D00E455B5 /* SF-Pro-Display-BoldItalic.otf */ = {isa = PBXFileReference; lastKnownFileType = file; path = "SF-Pro-Display-BoldItalic.otf"; sourceTree = "<group>"; };
		E4D657FC29D6107D00E455B5 /* SF-Pro-Text-Black.otf */ = {isa = PBXFileReference; lastKnownFileType = file; path = "SF-Pro-Text-Black.otf"; sourceTree = "<group>"; };
		E4D657FD29D6107D00E455B5 /* SF-Pro-Text-Light.otf */ = {isa = PBXFileReference; lastKnownFileType = file; path = "SF-Pro-Text-Light.otf"; sourceTree = "<group>"; };
		E4D657FE29D6107D00E455B5 /* SF-Pro-Text-Semibold.otf */ = {isa = PBXFileReference; lastKnownFileType = file; path = "SF-Pro-Text-Semibold.otf"; sourceTree = "<group>"; };
		E4D657FF29D6107D00E455B5 /* SF-Pro-Text-SemiboldItalic.otf */ = {isa = PBXFileReference; lastKnownFileType = file; path = "SF-Pro-Text-SemiboldItalic.otf"; sourceTree = "<group>"; };
		E4D6580029D6107D00E455B5 /* SF-Pro-Text-Ultralight.otf */ = {isa = PBXFileReference; lastKnownFileType = file; path = "SF-Pro-Text-Ultralight.otf"; sourceTree = "<group>"; };
		E4D6580129D6107D00E455B5 /* SF-Pro-Display-Semibold.otf */ = {isa = PBXFileReference; lastKnownFileType = file; path = "SF-Pro-Display-Semibold.otf"; sourceTree = "<group>"; };
		E4D6580229D6107D00E455B5 /* SF-Pro-Rounded-Thin.otf */ = {isa = PBXFileReference; lastKnownFileType = file; path = "SF-Pro-Rounded-Thin.otf"; sourceTree = "<group>"; };
		E4D6580329D6107D00E455B5 /* SF-Pro-Text-Medium.otf */ = {isa = PBXFileReference; lastKnownFileType = file; path = "SF-Pro-Text-Medium.otf"; sourceTree = "<group>"; };
		E4D6580429D6107E00E455B5 /* SF-Pro-Text-Bold.otf */ = {isa = PBXFileReference; lastKnownFileType = file; path = "SF-Pro-Text-Bold.otf"; sourceTree = "<group>"; };
		E4D6580529D6107E00E455B5 /* SF-Pro-Text-LightItalic.otf */ = {isa = PBXFileReference; lastKnownFileType = file; path = "SF-Pro-Text-LightItalic.otf"; sourceTree = "<group>"; };
		E4D6580629D6107E00E455B5 /* SF-Pro-Display-ThinItalic.otf */ = {isa = PBXFileReference; lastKnownFileType = file; path = "SF-Pro-Display-ThinItalic.otf"; sourceTree = "<group>"; };
		E4D6580729D6107E00E455B5 /* SF-Pro-Text-ThinItalic.otf */ = {isa = PBXFileReference; lastKnownFileType = file; path = "SF-Pro-Text-ThinItalic.otf"; sourceTree = "<group>"; };
		E4D6580829D6107E00E455B5 /* SF-Pro-Italic.ttf */ = {isa = PBXFileReference; lastKnownFileType = file; path = "SF-Pro-Italic.ttf"; sourceTree = "<group>"; };
		E4D6580929D6107E00E455B5 /* SF-Pro-Display-Light.otf */ = {isa = PBXFileReference; lastKnownFileType = file; path = "SF-Pro-Display-Light.otf"; sourceTree = "<group>"; };
		E4D6580A29D6107E00E455B5 /* SF-Pro-Text-Regular.otf */ = {isa = PBXFileReference; lastKnownFileType = file; path = "SF-Pro-Text-Regular.otf"; sourceTree = "<group>"; };
		E4D6580B29D6107E00E455B5 /* SF-Pro-Text-Thin.otf */ = {isa = PBXFileReference; lastKnownFileType = file; path = "SF-Pro-Text-Thin.otf"; sourceTree = "<group>"; };
		E4D6580C29D6107E00E455B5 /* SF-Pro-Text-BoldItalic.otf */ = {isa = PBXFileReference; lastKnownFileType = file; path = "SF-Pro-Text-BoldItalic.otf"; sourceTree = "<group>"; };
		E4D6580D29D6107E00E455B5 /* SF-Pro-Display-UltralightItalic.otf */ = {isa = PBXFileReference; lastKnownFileType = file; path = "SF-Pro-Display-UltralightItalic.otf"; sourceTree = "<group>"; };
		E4D6580E29D6107F00E455B5 /* SF-Pro-Text-UltralightItalic.otf */ = {isa = PBXFileReference; lastKnownFileType = file; path = "SF-Pro-Text-UltralightItalic.otf"; sourceTree = "<group>"; };
		E4D6580F29D6107F00E455B5 /* SF-Pro.ttf */ = {isa = PBXFileReference; lastKnownFileType = file; path = "SF-Pro.ttf"; sourceTree = "<group>"; };
		E4D6581029D6107F00E455B5 /* SF-Pro-Rounded-Black.otf */ = {isa = PBXFileReference; lastKnownFileType = file; path = "SF-Pro-Rounded-Black.otf"; sourceTree = "<group>"; };
		E4D6581129D6107F00E455B5 /* SF-Pro-Rounded-Ultralight.otf */ = {isa = PBXFileReference; lastKnownFileType = file; path = "SF-Pro-Rounded-Ultralight.otf"; sourceTree = "<group>"; };
		E4D6581229D6107F00E455B5 /* SF-Pro-Display-MediumItalic.otf */ = {isa = PBXFileReference; lastKnownFileType = file; path = "SF-Pro-Display-MediumItalic.otf"; sourceTree = "<group>"; };
		E4D6581329D6107F00E455B5 /* SF-Pro-Rounded-Bold.otf */ = {isa = PBXFileReference; lastKnownFileType = file; path = "SF-Pro-Rounded-Bold.otf"; sourceTree = "<group>"; };
		E4D6581429D6107F00E455B5 /* SF-Pro-Rounded-Semibold.otf */ = {isa = PBXFileReference; lastKnownFileType = file; path = "SF-Pro-Rounded-Semibold.otf"; sourceTree = "<group>"; };
		E4D6581529D6107F00E455B5 /* SF-Pro-Display-Bold.otf */ = {isa = PBXFileReference; lastKnownFileType = file; path = "SF-Pro-Display-Bold.otf"; sourceTree = "<group>"; };
		E4D6581629D6107F00E455B5 /* SF-Pro-Display-Black.otf */ = {isa = PBXFileReference; lastKnownFileType = file; path = "SF-Pro-Display-Black.otf"; sourceTree = "<group>"; };
		E4D6581729D6108000E455B5 /* SF-Pro-Display-LightItalic.otf */ = {isa = PBXFileReference; lastKnownFileType = file; path = "SF-Pro-Display-LightItalic.otf"; sourceTree = "<group>"; };
		E4D6581829D6108000E455B5 /* SF-Pro-Text-RegularItalic.otf */ = {isa = PBXFileReference; lastKnownFileType = file; path = "SF-Pro-Text-RegularItalic.otf"; sourceTree = "<group>"; };
		E4D6581929D6108000E455B5 /* SF-Pro-Display-Ultralight.otf */ = {isa = PBXFileReference; lastKnownFileType = file; path = "SF-Pro-Display-Ultralight.otf"; sourceTree = "<group>"; };
		E4D6581A29D6108000E455B5 /* SF-Pro-Text-BlackItalic.otf */ = {isa = PBXFileReference; lastKnownFileType = file; path = "SF-Pro-Text-BlackItalic.otf"; sourceTree = "<group>"; };
		E4D6581B29D6108000E455B5 /* SF-Pro-Display-SemiboldItalic.otf */ = {isa = PBXFileReference; lastKnownFileType = file; path = "SF-Pro-Display-SemiboldItalic.otf"; sourceTree = "<group>"; };
		E4D6581C29D6108000E455B5 /* SF-Pro-Text-MediumItalic.otf */ = {isa = PBXFileReference; lastKnownFileType = file; path = "SF-Pro-Text-MediumItalic.otf"; sourceTree = "<group>"; };
		E4D6581D29D6108000E455B5 /* SF-Pro-Display-Heavy.otf */ = {isa = PBXFileReference; lastKnownFileType = file; path = "SF-Pro-Display-Heavy.otf"; sourceTree = "<group>"; };
		E4D6581E29D6108000E455B5 /* SF-Pro-Display-RegularItalic.otf */ = {isa = PBXFileReference; lastKnownFileType = file; path = "SF-Pro-Display-RegularItalic.otf"; sourceTree = "<group>"; };
		E4D6581F29D6108000E455B5 /* SF-Pro-Text-Heavy.otf */ = {isa = PBXFileReference; lastKnownFileType = file; path = "SF-Pro-Text-Heavy.otf"; sourceTree = "<group>"; };
		E4D6582029D6108000E455B5 /* SF-Pro-Rounded-Heavy.otf */ = {isa = PBXFileReference; lastKnownFileType = file; path = "SF-Pro-Rounded-Heavy.otf"; sourceTree = "<group>"; };
		E4D6582129D6108100E455B5 /* SF-Pro-Text-HeavyItalic.otf */ = {isa = PBXFileReference; lastKnownFileType = file; path = "SF-Pro-Text-HeavyItalic.otf"; sourceTree = "<group>"; };
		E4D6582229D6108100E455B5 /* SF-Pro-Rounded-Light.otf */ = {isa = PBXFileReference; lastKnownFileType = file; path = "SF-Pro-Rounded-Light.otf"; sourceTree = "<group>"; };
		E4D6582329D6108100E455B5 /* SF-Pro-Display-HeavyItalic.otf */ = {isa = PBXFileReference; lastKnownFileType = file; path = "SF-Pro-Display-HeavyItalic.otf"; sourceTree = "<group>"; };
		E4D6582429D6108100E455B5 /* SF-Pro-Display-BlackItalic.otf */ = {isa = PBXFileReference; lastKnownFileType = file; path = "SF-Pro-Display-BlackItalic.otf"; sourceTree = "<group>"; };
		E4D6582529D6108100E455B5 /* SF-Pro-Display-Regular.otf */ = {isa = PBXFileReference; lastKnownFileType = file; path = "SF-Pro-Display-Regular.otf"; sourceTree = "<group>"; };
		E4D6582629D6108100E455B5 /* SF-Pro-Display-Thin.otf */ = {isa = PBXFileReference; lastKnownFileType = file; path = "SF-Pro-Display-Thin.otf"; sourceTree = "<group>"; };
		E4D6582729D6108100E455B5 /* SF-Pro-Display-Medium.otf */ = {isa = PBXFileReference; lastKnownFileType = file; path = "SF-Pro-Display-Medium.otf"; sourceTree = "<group>"; };
		E4D6582829D6108100E455B5 /* SF-Pro-Rounded-Regular.otf */ = {isa = PBXFileReference; lastKnownFileType = file; path = "SF-Pro-Rounded-Regular.otf"; sourceTree = "<group>"; };
/* End PBXFileReference section */

/* Begin PBXFrameworksBuildPhase section */
		E4A9749529C3C96C00C30D23 /* Frameworks */ = {
			isa = PBXFrameworksBuildPhase;
			buildActionMask = 2147483647;
			files = (
			);
			runOnlyForDeploymentPostprocessing = 0;
		};
/* End PBXFrameworksBuildPhase section */

/* Begin PBXGroup section */
		E43AB17629D0C102005361BF /* ImagesList */ = {
			isa = PBXGroup;
			children = (
				E4A9749F29C3C96C00C30D23 /* ImagesListViewController.swift */,
				E43AB17729D0C122005361BF /* ImagesListCell.swift */,
			);
			path = ImagesList;
			sourceTree = "<group>";
		};
		E4A9748F29C3C96C00C30D23 = {
			isa = PBXGroup;
			children = (
				E4D657F929D6106200E455B5 /* Fonts */,
				E4A9749A29C3C96C00C30D23 /* ImageFeed */,
				E4A9749929C3C96C00C30D23 /* Products */,
			);
			sourceTree = "<group>";
		};
		E4A9749929C3C96C00C30D23 /* Products */ = {
			isa = PBXGroup;
			children = (
				E4A9749829C3C96C00C30D23 /* ImageFeed.app */,
			);
			name = Products;
			sourceTree = "<group>";
		};
		E4A9749A29C3C96C00C30D23 /* ImageFeed */ = {
			isa = PBXGroup;
			children = (
				E43AB17629D0C102005361BF /* ImagesList */,
				E4AD177029D2109B00721CEA /* Helpers */,
				E4A9749B29C3C96C00C30D23 /* AppDelegate.swift */,
				E4A9749D29C3C96C00C30D23 /* SceneDelegate.swift */,
				E43AB17929D0CF59005361BF /* Main.storyboard */,
				E4A974A429C3C96C00C30D23 /* Assets.xcassets */,
				E4A974A629C3C96C00C30D23 /* LaunchScreen.storyboard */,
				E4A974A929C3C96C00C30D23 /* Info.plist */,
			);
			path = ImageFeed;
			sourceTree = "<group>";
		};
		E4AD177029D2109B00721CEA /* Helpers */ = {
			isa = PBXGroup;
			children = (
				E4AD177129D210AB00721CEA /* UIColor + Extensions.swift */,
				E4D657F429D5EA3100E455B5 /* GradientBlurView.swift */,
			);
			path = Helpers;
			sourceTree = "<group>";
		};
		E4D657F929D6106200E455B5 /* Fonts */ = {
			isa = PBXGroup;
			children = (
				E4D6581629D6107F00E455B5 /* SF-Pro-Display-Black.otf */,
				E4D6582429D6108100E455B5 /* SF-Pro-Display-BlackItalic.otf */,
				E4D6581529D6107F00E455B5 /* SF-Pro-Display-Bold.otf */,
				E4D657FB29D6107D00E455B5 /* SF-Pro-Display-BoldItalic.otf */,
				E4D6581D29D6108000E455B5 /* SF-Pro-Display-Heavy.otf */,
				E4D6582329D6108100E455B5 /* SF-Pro-Display-HeavyItalic.otf */,
				E4D6580929D6107E00E455B5 /* SF-Pro-Display-Light.otf */,
				E4D6581729D6108000E455B5 /* SF-Pro-Display-LightItalic.otf */,
				E4D6582729D6108100E455B5 /* SF-Pro-Display-Medium.otf */,
				E4D6581229D6107F00E455B5 /* SF-Pro-Display-MediumItalic.otf */,
				E4D6582529D6108100E455B5 /* SF-Pro-Display-Regular.otf */,
				E4D6581E29D6108000E455B5 /* SF-Pro-Display-RegularItalic.otf */,
				E4D6580129D6107D00E455B5 /* SF-Pro-Display-Semibold.otf */,
				E4D6581B29D6108000E455B5 /* SF-Pro-Display-SemiboldItalic.otf */,
				E4D6582629D6108100E455B5 /* SF-Pro-Display-Thin.otf */,
				E4D6580629D6107E00E455B5 /* SF-Pro-Display-ThinItalic.otf */,
				E4D6581929D6108000E455B5 /* SF-Pro-Display-Ultralight.otf */,
				E4D6580D29D6107E00E455B5 /* SF-Pro-Display-UltralightItalic.otf */,
				E4D6580829D6107E00E455B5 /* SF-Pro-Italic.ttf */,
				E4D6581029D6107F00E455B5 /* SF-Pro-Rounded-Black.otf */,
				E4D6581329D6107F00E455B5 /* SF-Pro-Rounded-Bold.otf */,
				E4D6582029D6108000E455B5 /* SF-Pro-Rounded-Heavy.otf */,
				E4D6582229D6108100E455B5 /* SF-Pro-Rounded-Light.otf */,
				E4D657FA29D6107D00E455B5 /* SF-Pro-Rounded-Medium.otf */,
				E4D6582829D6108100E455B5 /* SF-Pro-Rounded-Regular.otf */,
				E4D6581429D6107F00E455B5 /* SF-Pro-Rounded-Semibold.otf */,
				E4D6580229D6107D00E455B5 /* SF-Pro-Rounded-Thin.otf */,
				E4D6581129D6107F00E455B5 /* SF-Pro-Rounded-Ultralight.otf */,
				E4D657FC29D6107D00E455B5 /* SF-Pro-Text-Black.otf */,
				E4D6581A29D6108000E455B5 /* SF-Pro-Text-BlackItalic.otf */,
				E4D6580429D6107E00E455B5 /* SF-Pro-Text-Bold.otf */,
				E4D6580C29D6107E00E455B5 /* SF-Pro-Text-BoldItalic.otf */,
				E4D6581F29D6108000E455B5 /* SF-Pro-Text-Heavy.otf */,
				E4D6582129D6108100E455B5 /* SF-Pro-Text-HeavyItalic.otf */,
				E4D657FD29D6107D00E455B5 /* SF-Pro-Text-Light.otf */,
				E4D6580529D6107E00E455B5 /* SF-Pro-Text-LightItalic.otf */,
				E4D6580329D6107D00E455B5 /* SF-Pro-Text-Medium.otf */,
				E4D6581C29D6108000E455B5 /* SF-Pro-Text-MediumItalic.otf */,
				E4D6580A29D6107E00E455B5 /* SF-Pro-Text-Regular.otf */,
				E4D6581829D6108000E455B5 /* SF-Pro-Text-RegularItalic.otf */,
				E4D657FE29D6107D00E455B5 /* SF-Pro-Text-Semibold.otf */,
				E4D657FF29D6107D00E455B5 /* SF-Pro-Text-SemiboldItalic.otf */,
				E4D6580B29D6107E00E455B5 /* SF-Pro-Text-Thin.otf */,
				E4D6580729D6107E00E455B5 /* SF-Pro-Text-ThinItalic.otf */,
				E4D6580029D6107D00E455B5 /* SF-Pro-Text-Ultralight.otf */,
				E4D6580E29D6107F00E455B5 /* SF-Pro-Text-UltralightItalic.otf */,
				E4D6580F29D6107F00E455B5 /* SF-Pro.ttf */,
			);
			path = Fonts;
			sourceTree = "<group>";
		};
/* End PBXGroup section */

/* Begin PBXNativeTarget section */
		E4A9749729C3C96C00C30D23 /* ImageFeed */ = {
			isa = PBXNativeTarget;
			buildConfigurationList = E4A974AC29C3C96C00C30D23 /* Build configuration list for PBXNativeTarget "ImageFeed" */;
			buildPhases = (
				E4A9749429C3C96C00C30D23 /* Sources */,
				E4A9749529C3C96C00C30D23 /* Frameworks */,
				E4A9749629C3C96C00C30D23 /* Resources */,
			);
			buildRules = (
			);
			dependencies = (
			);
			name = ImageFeed;
			productName = ImageFeed;
			productReference = E4A9749829C3C96C00C30D23 /* ImageFeed.app */;
			productType = "com.apple.product-type.application";
		};
/* End PBXNativeTarget section */

/* Begin PBXProject section */
		E4A9749029C3C96C00C30D23 /* Project object */ = {
			isa = PBXProject;
			attributes = {
				BuildIndependentTargetsInParallel = 1;
				LastSwiftUpdateCheck = 1410;
				LastUpgradeCheck = 1410;
				TargetAttributes = {
					E4A9749729C3C96C00C30D23 = {
						CreatedOnToolsVersion = 14.1;
					};
				};
			};
			buildConfigurationList = E4A9749329C3C96C00C30D23 /* Build configuration list for PBXProject "ImageFeed" */;
			compatibilityVersion = "Xcode 14.0";
			developmentRegion = en;
			hasScannedForEncodings = 0;
			knownRegions = (
				en,
				Base,
			);
			mainGroup = E4A9748F29C3C96C00C30D23;
			productRefGroup = E4A9749929C3C96C00C30D23 /* Products */;
			projectDirPath = "";
			projectRoot = "";
			targets = (
				E4A9749729C3C96C00C30D23 /* ImageFeed */,
			);
		};
/* End PBXProject section */

/* Begin PBXResourcesBuildPhase section */
		E4A9749629C3C96C00C30D23 /* Resources */ = {
			isa = PBXResourcesBuildPhase;
			buildActionMask = 2147483647;
			files = (
				E4D6583229D6108100E455B5 /* SF-Pro-Text-Medium.otf in Resources */,
				E4D6585729D6108100E455B5 /* SF-Pro-Rounded-Regular.otf in Resources */,
				E4D6582A29D6108100E455B5 /* SF-Pro-Display-BoldItalic.otf in Resources */,
				E4D6584829D6108100E455B5 /* SF-Pro-Display-Ultralight.otf in Resources */,
				E4D6582E29D6108100E455B5 /* SF-Pro-Text-SemiboldItalic.otf in Resources */,
				E4D6582B29D6108100E455B5 /* SF-Pro-Text-Black.otf in Resources */,
				E4D6585029D6108100E455B5 /* SF-Pro-Text-HeavyItalic.otf in Resources */,
				E4D6584729D6108100E455B5 /* SF-Pro-Text-RegularItalic.otf in Resources */,
				E4D6584129D6108100E455B5 /* SF-Pro-Display-MediumItalic.otf in Resources */,
				E4D6585529D6108100E455B5 /* SF-Pro-Display-Thin.otf in Resources */,
				E4D6583529D6108100E455B5 /* SF-Pro-Display-ThinItalic.otf in Resources */,
				E4D6585329D6108100E455B5 /* SF-Pro-Display-BlackItalic.otf in Resources */,
				E4D6584E29D6108100E455B5 /* SF-Pro-Text-Heavy.otf in Resources */,
				E4D6583A29D6108100E455B5 /* SF-Pro-Text-Thin.otf in Resources */,
				E4D6583D29D6108100E455B5 /* SF-Pro-Text-UltralightItalic.otf in Resources */,
				E4D6584629D6108100E455B5 /* SF-Pro-Display-LightItalic.otf in Resources */,
				E4D6583129D6108100E455B5 /* SF-Pro-Rounded-Thin.otf in Resources */,
				E4D6584A29D6108100E455B5 /* SF-Pro-Display-SemiboldItalic.otf in Resources */,
				E4D6584229D6108100E455B5 /* SF-Pro-Rounded-Bold.otf in Resources */,
				E4D6583F29D6108100E455B5 /* SF-Pro-Rounded-Black.otf in Resources */,
				E4D6584029D6108100E455B5 /* SF-Pro-Rounded-Ultralight.otf in Resources */,
				E4D6584929D6108100E455B5 /* SF-Pro-Text-BlackItalic.otf in Resources */,
				E4D6583929D6108100E455B5 /* SF-Pro-Text-Regular.otf in Resources */,
				E43AB17A29D0CF59005361BF /* Main.storyboard in Resources */,
				E4A974A829C3C96C00C30D23 /* LaunchScreen.storyboard in Resources */,
				E4D6584C29D6108100E455B5 /* SF-Pro-Display-Heavy.otf in Resources */,
				E4D6584B29D6108100E455B5 /* SF-Pro-Text-MediumItalic.otf in Resources */,
				E4D6582D29D6108100E455B5 /* SF-Pro-Text-Semibold.otf in Resources */,
				E4D6583C29D6108100E455B5 /* SF-Pro-Display-UltralightItalic.otf in Resources */,
				E4D6583829D6108100E455B5 /* SF-Pro-Display-Light.otf in Resources */,
				E4D6584F29D6108100E455B5 /* SF-Pro-Rounded-Heavy.otf in Resources */,
				E4D6583329D6108100E455B5 /* SF-Pro-Text-Bold.otf in Resources */,
				E4D6584529D6108100E455B5 /* SF-Pro-Display-Black.otf in Resources */,
				E4D6584329D6108100E455B5 /* SF-Pro-Rounded-Semibold.otf in Resources */,
				E4D6584D29D6108100E455B5 /* SF-Pro-Display-RegularItalic.otf in Resources */,
				E4A974A529C3C96C00C30D23 /* Assets.xcassets in Resources */,
				E4D6583429D6108100E455B5 /* SF-Pro-Text-LightItalic.otf in Resources */,
				E4D6585229D6108100E455B5 /* SF-Pro-Display-HeavyItalic.otf in Resources */,
				E4D6583629D6108100E455B5 /* SF-Pro-Text-ThinItalic.otf in Resources */,
				E4D6585429D6108100E455B5 /* SF-Pro-Display-Regular.otf in Resources */,
				E4D6584429D6108100E455B5 /* SF-Pro-Display-Bold.otf in Resources */,
				E4D6583B29D6108100E455B5 /* SF-Pro-Text-BoldItalic.otf in Resources */,
				E4D6585629D6108100E455B5 /* SF-Pro-Display-Medium.otf in Resources */,
				E4D6585129D6108100E455B5 /* SF-Pro-Rounded-Light.otf in Resources */,
				E4D6583E29D6108100E455B5 /* SF-Pro.ttf in Resources */,
				E4D6583729D6108100E455B5 /* SF-Pro-Italic.ttf in Resources */,
				E4D6582C29D6108100E455B5 /* SF-Pro-Text-Light.otf in Resources */,
				E4D6582929D6108100E455B5 /* SF-Pro-Rounded-Medium.otf in Resources */,
				E4D6583029D6108100E455B5 /* SF-Pro-Display-Semibold.otf in Resources */,
				E4D6582F29D6108100E455B5 /* SF-Pro-Text-Ultralight.otf in Resources */,
			);
			runOnlyForDeploymentPostprocessing = 0;
		};
/* End PBXResourcesBuildPhase section */

/* Begin PBXSourcesBuildPhase section */
		E4A9749429C3C96C00C30D23 /* Sources */ = {
			isa = PBXSourcesBuildPhase;
			buildActionMask = 2147483647;
			files = (
				E4A974A029C3C96C00C30D23 /* ImagesListViewController.swift in Sources */,
				E4AD177229D210AB00721CEA /* UIColor + Extensions.swift in Sources */,
				E43AB17829D0C122005361BF /* ImagesListCell.swift in Sources */,
				E4D657F529D5EA3100E455B5 /* GradientBlurView.swift in Sources */,
				E4A9749C29C3C96C00C30D23 /* AppDelegate.swift in Sources */,
				E4A9749E29C3C96C00C30D23 /* SceneDelegate.swift in Sources */,
			);
			runOnlyForDeploymentPostprocessing = 0;
		};
/* End PBXSourcesBuildPhase section */

/* Begin PBXVariantGroup section */
		E4A974A629C3C96C00C30D23 /* LaunchScreen.storyboard */ = {
			isa = PBXVariantGroup;
			children = (
				E4A974A729C3C96C00C30D23 /* Base */,
			);
			name = LaunchScreen.storyboard;
			sourceTree = "<group>";
		};
/* End PBXVariantGroup section */

/* Begin XCBuildConfiguration section */
		E4A974AA29C3C96C00C30D23 /* Debug */ = {
			isa = XCBuildConfiguration;
			buildSettings = {
				ALWAYS_SEARCH_USER_PATHS = NO;
				CLANG_ANALYZER_NONNULL = YES;
				CLANG_ANALYZER_NUMBER_OBJECT_CONVERSION = YES_AGGRESSIVE;
				CLANG_CXX_LANGUAGE_STANDARD = "gnu++20";
				CLANG_ENABLE_MODULES = YES;
				CLANG_ENABLE_OBJC_ARC = YES;
				CLANG_ENABLE_OBJC_WEAK = YES;
				CLANG_WARN_BLOCK_CAPTURE_AUTORELEASING = YES;
				CLANG_WARN_BOOL_CONVERSION = YES;
				CLANG_WARN_COMMA = YES;
				CLANG_WARN_CONSTANT_CONVERSION = YES;
				CLANG_WARN_DEPRECATED_OBJC_IMPLEMENTATIONS = YES;
				CLANG_WARN_DIRECT_OBJC_ISA_USAGE = YES_ERROR;
				CLANG_WARN_DOCUMENTATION_COMMENTS = YES;
				CLANG_WARN_EMPTY_BODY = YES;
				CLANG_WARN_ENUM_CONVERSION = YES;
				CLANG_WARN_INFINITE_RECURSION = YES;
				CLANG_WARN_INT_CONVERSION = YES;
				CLANG_WARN_NON_LITERAL_NULL_CONVERSION = YES;
				CLANG_WARN_OBJC_IMPLICIT_RETAIN_SELF = YES;
				CLANG_WARN_OBJC_LITERAL_CONVERSION = YES;
				CLANG_WARN_OBJC_ROOT_CLASS = YES_ERROR;
				CLANG_WARN_QUOTED_INCLUDE_IN_FRAMEWORK_HEADER = YES;
				CLANG_WARN_RANGE_LOOP_ANALYSIS = YES;
				CLANG_WARN_STRICT_PROTOTYPES = YES;
				CLANG_WARN_SUSPICIOUS_MOVE = YES;
				CLANG_WARN_UNGUARDED_AVAILABILITY = YES_AGGRESSIVE;
				CLANG_WARN_UNREACHABLE_CODE = YES;
				CLANG_WARN__DUPLICATE_METHOD_MATCH = YES;
				COPY_PHASE_STRIP = NO;
				DEBUG_INFORMATION_FORMAT = dwarf;
				ENABLE_STRICT_OBJC_MSGSEND = YES;
				ENABLE_TESTABILITY = YES;
				GCC_C_LANGUAGE_STANDARD = gnu11;
				GCC_DYNAMIC_NO_PIC = NO;
				GCC_NO_COMMON_BLOCKS = YES;
				GCC_OPTIMIZATION_LEVEL = 0;
				GCC_PREPROCESSOR_DEFINITIONS = (
					"DEBUG=1",
					"$(inherited)",
				);
				GCC_WARN_64_TO_32_BIT_CONVERSION = YES;
				GCC_WARN_ABOUT_RETURN_TYPE = YES_ERROR;
				GCC_WARN_UNDECLARED_SELECTOR = YES;
				GCC_WARN_UNINITIALIZED_AUTOS = YES_AGGRESSIVE;
				GCC_WARN_UNUSED_FUNCTION = YES;
				GCC_WARN_UNUSED_VARIABLE = YES;
				IPHONEOS_DEPLOYMENT_TARGET = 16.1;
				MTL_ENABLE_DEBUG_INFO = INCLUDE_SOURCE;
				MTL_FAST_MATH = YES;
				ONLY_ACTIVE_ARCH = YES;
				SDKROOT = iphoneos;
				SWIFT_ACTIVE_COMPILATION_CONDITIONS = DEBUG;
				SWIFT_OPTIMIZATION_LEVEL = "-Onone";
			};
			name = Debug;
		};
		E4A974AB29C3C96C00C30D23 /* Release */ = {
			isa = XCBuildConfiguration;
			buildSettings = {
				ALWAYS_SEARCH_USER_PATHS = NO;
				CLANG_ANALYZER_NONNULL = YES;
				CLANG_ANALYZER_NUMBER_OBJECT_CONVERSION = YES_AGGRESSIVE;
				CLANG_CXX_LANGUAGE_STANDARD = "gnu++20";
				CLANG_ENABLE_MODULES = YES;
				CLANG_ENABLE_OBJC_ARC = YES;
				CLANG_ENABLE_OBJC_WEAK = YES;
				CLANG_WARN_BLOCK_CAPTURE_AUTORELEASING = YES;
				CLANG_WARN_BOOL_CONVERSION = YES;
				CLANG_WARN_COMMA = YES;
				CLANG_WARN_CONSTANT_CONVERSION = YES;
				CLANG_WARN_DEPRECATED_OBJC_IMPLEMENTATIONS = YES;
				CLANG_WARN_DIRECT_OBJC_ISA_USAGE = YES_ERROR;
				CLANG_WARN_DOCUMENTATION_COMMENTS = YES;
				CLANG_WARN_EMPTY_BODY = YES;
				CLANG_WARN_ENUM_CONVERSION = YES;
				CLANG_WARN_INFINITE_RECURSION = YES;
				CLANG_WARN_INT_CONVERSION = YES;
				CLANG_WARN_NON_LITERAL_NULL_CONVERSION = YES;
				CLANG_WARN_OBJC_IMPLICIT_RETAIN_SELF = YES;
				CLANG_WARN_OBJC_LITERAL_CONVERSION = YES;
				CLANG_WARN_OBJC_ROOT_CLASS = YES_ERROR;
				CLANG_WARN_QUOTED_INCLUDE_IN_FRAMEWORK_HEADER = YES;
				CLANG_WARN_RANGE_LOOP_ANALYSIS = YES;
				CLANG_WARN_STRICT_PROTOTYPES = YES;
				CLANG_WARN_SUSPICIOUS_MOVE = YES;
				CLANG_WARN_UNGUARDED_AVAILABILITY = YES_AGGRESSIVE;
				CLANG_WARN_UNREACHABLE_CODE = YES;
				CLANG_WARN__DUPLICATE_METHOD_MATCH = YES;
				COPY_PHASE_STRIP = NO;
				DEBUG_INFORMATION_FORMAT = "dwarf-with-dsym";
				ENABLE_NS_ASSERTIONS = NO;
				ENABLE_STRICT_OBJC_MSGSEND = YES;
				GCC_C_LANGUAGE_STANDARD = gnu11;
				GCC_NO_COMMON_BLOCKS = YES;
				GCC_WARN_64_TO_32_BIT_CONVERSION = YES;
				GCC_WARN_ABOUT_RETURN_TYPE = YES_ERROR;
				GCC_WARN_UNDECLARED_SELECTOR = YES;
				GCC_WARN_UNINITIALIZED_AUTOS = YES_AGGRESSIVE;
				GCC_WARN_UNUSED_FUNCTION = YES;
				GCC_WARN_UNUSED_VARIABLE = YES;
				IPHONEOS_DEPLOYMENT_TARGET = 16.1;
				MTL_ENABLE_DEBUG_INFO = NO;
				MTL_FAST_MATH = YES;
				SDKROOT = iphoneos;
				SWIFT_COMPILATION_MODE = wholemodule;
				SWIFT_OPTIMIZATION_LEVEL = "-O";
				VALIDATE_PRODUCT = YES;
			};
			name = Release;
		};
		E4A974AD29C3C96C00C30D23 /* Debug */ = {
			isa = XCBuildConfiguration;
			buildSettings = {
				ASSETCATALOG_COMPILER_APPICON_NAME = AppIcon;
				ASSETCATALOG_COMPILER_GLOBAL_ACCENT_COLOR_NAME = AccentColor;
				CODE_SIGN_STYLE = Automatic;
				CURRENT_PROJECT_VERSION = 1;
				DEVELOPMENT_TEAM = GCW3JGYN77;
				GENERATE_INFOPLIST_FILE = YES;
				INFOPLIST_FILE = ImageFeed/Info.plist;
				INFOPLIST_KEY_UIApplicationSupportsIndirectInputEvents = YES;
				INFOPLIST_KEY_UILaunchStoryboardName = LaunchScreen;
				INFOPLIST_KEY_UIMainStoryboardFile = Main;
				INFOPLIST_KEY_UISupportedInterfaceOrientations = UIInterfaceOrientationPortrait;
				INFOPLIST_KEY_UISupportedInterfaceOrientations_iPad = "UIInterfaceOrientationLandscapeLeft UIInterfaceOrientationLandscapeRight UIInterfaceOrientationPortrait UIInterfaceOrientationPortraitUpsideDown";
				IPHONEOS_DEPLOYMENT_TARGET = 13.0;
				LD_RUNPATH_SEARCH_PATHS = (
					"$(inherited)",
					"@executable_path/Frameworks",
				);
				MARKETING_VERSION = 1.0;
				PRODUCT_BUNDLE_IDENTIFIER = "ru.r-yy.ImageFeed";
				PRODUCT_NAME = "$(TARGET_NAME)";
				SUPPORTED_PLATFORMS = "iphoneos iphonesimulator";
				SUPPORTS_MACCATALYST = NO;
				SUPPORTS_MAC_DESIGNED_FOR_IPHONE_IPAD = YES;
				SWIFT_EMIT_LOC_STRINGS = YES;
				SWIFT_VERSION = 5.0;
				TARGETED_DEVICE_FAMILY = 1;
			};
			name = Debug;
		};
		E4A974AE29C3C96C00C30D23 /* Release */ = {
			isa = XCBuildConfiguration;
			buildSettings = {
				ASSETCATALOG_COMPILER_APPICON_NAME = AppIcon;
				ASSETCATALOG_COMPILER_GLOBAL_ACCENT_COLOR_NAME = AccentColor;
				CODE_SIGN_STYLE = Automatic;
				CURRENT_PROJECT_VERSION = 1;
				DEVELOPMENT_TEAM = GCW3JGYN77;
				GENERATE_INFOPLIST_FILE = YES;
				INFOPLIST_FILE = ImageFeed/Info.plist;
				INFOPLIST_KEY_UIApplicationSupportsIndirectInputEvents = YES;
				INFOPLIST_KEY_UILaunchStoryboardName = LaunchScreen;
				INFOPLIST_KEY_UIMainStoryboardFile = Main;
				INFOPLIST_KEY_UISupportedInterfaceOrientations = UIInterfaceOrientationPortrait;
				INFOPLIST_KEY_UISupportedInterfaceOrientations_iPad = "UIInterfaceOrientationLandscapeLeft UIInterfaceOrientationLandscapeRight UIInterfaceOrientationPortrait UIInterfaceOrientationPortraitUpsideDown";
				IPHONEOS_DEPLOYMENT_TARGET = 13.0;
				LD_RUNPATH_SEARCH_PATHS = (
					"$(inherited)",
					"@executable_path/Frameworks",
				);
				MARKETING_VERSION = 1.0;
				PRODUCT_BUNDLE_IDENTIFIER = "ru.r-yy.ImageFeed";
				PRODUCT_NAME = "$(TARGET_NAME)";
				SUPPORTED_PLATFORMS = "iphoneos iphonesimulator";
				SUPPORTS_MACCATALYST = NO;
				SUPPORTS_MAC_DESIGNED_FOR_IPHONE_IPAD = YES;
				SWIFT_EMIT_LOC_STRINGS = YES;
				SWIFT_VERSION = 5.0;
				TARGETED_DEVICE_FAMILY = 1;
			};
			name = Release;
		};
/* End XCBuildConfiguration section */

/* Begin XCConfigurationList section */
		E4A9749329C3C96C00C30D23 /* Build configuration list for PBXProject "ImageFeed" */ = {
			isa = XCConfigurationList;
			buildConfigurations = (
				E4A974AA29C3C96C00C30D23 /* Debug */,
				E4A974AB29C3C96C00C30D23 /* Release */,
			);
			defaultConfigurationIsVisible = 0;
			defaultConfigurationName = Release;
		};
		E4A974AC29C3C96C00C30D23 /* Build configuration list for PBXNativeTarget "ImageFeed" */ = {
			isa = XCConfigurationList;
			buildConfigurations = (
				E4A974AD29C3C96C00C30D23 /* Debug */,
				E4A974AE29C3C96C00C30D23 /* Release */,
			);
			defaultConfigurationIsVisible = 0;
			defaultConfigurationName = Release;
		};
/* End XCConfigurationList section */
	};
	rootObject = E4A9749029C3C96C00C30D23 /* Project object */;
}
